
Microsoft Visual Studio Solution File, Format Version 12.00
# Visual Studio Version 16
VisualStudioVersion = 16.0.29509.3
MinimumVisualStudioVersion = 10.0.40219.1
Project("{FAE04EC0-301F-11D3-BF4B-00C04F79EFBC}") = "Zadatak_1_2", "Zadatak_1_2\Zadatak_1_2.csproj", "{7D437953-F6C1-41EF-9687-AC8E34D20174}"
EndProject
Project("{8BC9CEB8-8B4A-11D0-8D11-00A0C91BC942}") = "Zadatak_2_1", "Zadatak_2_1\Zadatak_2_1.vcxproj", "{28E12078-AFE0-4A3C-B27A-477448CB7D0C}"
EndProject
Project("{FAE04EC0-301F-11D3-BF4B-00C04F79EFBC}") = "Zadatak_2_2", "Zadatak_2_2\Zadatak_2_2.csproj", "{6439D8E0-AF84-415C-AB3B-B26D691FF1FF}"
EndProject
Project("{8BC9CEB8-8B4A-11D0-8D11-00A0C91BC942}") = "Zadatak_3_1", "Zadatak_3_1\Zadatak_3_1.vcxproj", "{3C0BF252-2FD0-42C5-8879-53FC392A06EE}"
EndProject
Project("{FAE04EC0-301F-11D3-BF4B-00C04F79EFBC}") = "Zadatak_3_2", "Zadatak_3_2\Zadatak_3_2.csproj", "{35CF9FD7-E969-4611-AB9F-4576F0A2E50B}"
EndProject
Project("{8BC9CEB8-8B4A-11D0-8D11-00A0C91BC942}") = "Zadatak_4_1", "Zadatak_4_1\Zadatak_4_1.vcxproj", "{235D2896-164C-454E-BA79-EF192B81344C}"
EndProject
Project("{FAE04EC0-301F-11D3-BF4B-00C04F79EFBC}") = "Zadatak_4_2", "Zadatak_4_2\Zadatak_4_2.csproj", "{0CADC06B-1305-42E3-B53F-A2AE7ECCD8AF}"
EndProject
Project("{8BC9CEB8-8B4A-11D0-8D11-00A0C91BC942}") = "Zadatak_5_1", "Zadatak_5_1\Zadatak_5_1.vcxproj", "{E5D19D9B-5994-4BBD-918F-070BA6D37B20}"
EndProject
Project("{FAE04EC0-301F-11D3-BF4B-00C04F79EFBC}") = "Zadatak_5_2", "Zadatak_5_2\Zadatak_5_2.csproj", "{FACDB90E-243B-4B5D-826A-DDCC50C24201}"
EndProject
Project("{8BC9CEB8-8B4A-11D0-8D11-00A0C91BC942}") = "Zadatak_6_1", "Zadatak_6_1\Zadatak_6_1.vcxproj", "{D1D18357-AC14-4421-9428-20CBF0073088}"
EndProject
Project("{FAE04EC0-301F-11D3-BF4B-00C04F79EFBC}") = "Zadatak_6_2", "Zadatak_6_2\Zadatak_6_2.csproj", "{4F6E7332-7636-4B9A-BAFD-95B92FC5F649}"
EndProject
Project("{8BC9CEB8-8B4A-11D0-8D11-00A0C91BC942}") = "Zadatak_7_1", "Zadatak_7_1\Zadatak_7_1.vcxproj", "{88698323-1A6E-40A2-990D-452F724E5609}"
EndProject
Project("{FAE04EC0-301F-11D3-BF4B-00C04F79EFBC}") = "Zadatak_7_2", "Zadatak_7_2\Zadatak_7_2.csproj", "{FF60A323-DC4D-414D-87AE-312967CA5F78}"
EndProject
Project("{8BC9CEB8-8B4A-11D0-8D11-00A0C91BC942}") = "Zadatak_8_1", "Zadatak_8_1\Zadatak_8_1.vcxproj", "{B89F7A06-D656-4D45-A27D-0E017A416FBD}"
EndProject
Project("{FAE04EC0-301F-11D3-BF4B-00C04F79EFBC}") = "Zadatak_8_2", "Zadatak_8_2\Zadatak_8_2.csproj", "{575DEBE5-977B-4410-AA09-51F3D0E772C6}"
EndProject
Project("{8BC9CEB8-8B4A-11D0-8D11-00A0C91BC942}") = "Zadatak_9_1", "Zadatak_9_1\Zadatak_9_1.vcxproj", "{DBB6B924-B2D2-4D08-95CE-B4A31B8E1875}"
EndProject
Project("{FAE04EC0-301F-11D3-BF4B-00C04F79EFBC}") = "Zadatak_9_2", "Zadatak_9_2\Zadatak_9_2.csproj", "{85AE281E-D082-45E0-AF3B-4F24EDF709B4}"
EndProject
Project("{8BC9CEB8-8B4A-11D0-8D11-00A0C91BC942}") = "Zadatak_10_1", "Zadatak_10_1\Zadatak_10_1.vcxproj", "{C808075D-8F49-4EA4-9F3C-60D9B200CECC}"
EndProject
Project("{FAE04EC0-301F-11D3-BF4B-00C04F79EFBC}") = "Zadatak_10_2", "Zadatak_10_2\Zadatak_10_2.csproj", "{7CB4B6C9-501D-4C7E-9A53-91D821210EED}"
EndProject
Project("{8BC9CEB8-8B4A-11D0-8D11-00A0C91BC942}") = "Zadatak_1_1", "Zadatak_1_1\Zadatak_1_1.vcxproj", "{64CAB851-7FDC-4547-A9A9-9F07F635759F}"
EndProject
Global
	GlobalSection(SolutionConfigurationPlatforms) = preSolution
		Debug|Any CPU = Debug|Any CPU
		Debug|x64 = Debug|x64
		Debug|x86 = Debug|x86
		Release|Any CPU = Release|Any CPU
		Release|x64 = Release|x64
		Release|x86 = Release|x86
	EndGlobalSection
	GlobalSection(ProjectConfigurationPlatforms) = postSolution
		{7D437953-F6C1-41EF-9687-AC8E34D20174}.Debug|Any CPU.ActiveCfg = Debug|Any CPU
		{7D437953-F6C1-41EF-9687-AC8E34D20174}.Debug|Any CPU.Build.0 = Debug|Any CPU
		{7D437953-F6C1-41EF-9687-AC8E34D20174}.Debug|x64.ActiveCfg = Debug|Any CPU
		{7D437953-F6C1-41EF-9687-AC8E34D20174}.Debug|x64.Build.0 = Debug|Any CPU
		{7D437953-F6C1-41EF-9687-AC8E34D20174}.Debug|x86.ActiveCfg = Debug|Any CPU
		{7D437953-F6C1-41EF-9687-AC8E34D20174}.Debug|x86.Build.0 = Debug|Any CPU
		{7D437953-F6C1-41EF-9687-AC8E34D20174}.Release|Any CPU.ActiveCfg = Release|Any CPU
		{7D437953-F6C1-41EF-9687-AC8E34D20174}.Release|Any CPU.Build.0 = Release|Any CPU
		{7D437953-F6C1-41EF-9687-AC8E34D20174}.Release|x64.ActiveCfg = Release|Any CPU
		{7D437953-F6C1-41EF-9687-AC8E34D20174}.Release|x64.Build.0 = Release|Any CPU
		{7D437953-F6C1-41EF-9687-AC8E34D20174}.Release|x86.ActiveCfg = Release|Any CPU
		{7D437953-F6C1-41EF-9687-AC8E34D20174}.Release|x86.Build.0 = Release|Any CPU
		{28E12078-AFE0-4A3C-B27A-477448CB7D0C}.Debug|Any CPU.ActiveCfg = Debug|Win32
		{28E12078-AFE0-4A3C-B27A-477448CB7D0C}.Debug|x64.ActiveCfg = Debug|x64
		{28E12078-AFE0-4A3C-B27A-477448CB7D0C}.Debug|x64.Build.0 = Debug|x64
		{28E12078-AFE0-4A3C-B27A-477448CB7D0C}.Debug|x86.ActiveCfg = Debug|Win32
		{28E12078-AFE0-4A3C-B27A-477448CB7D0C}.Debug|x86.Build.0 = Debug|Win32
		{28E12078-AFE0-4A3C-B27A-477448CB7D0C}.Release|Any CPU.ActiveCfg = Release|Win32
		{28E12078-AFE0-4A3C-B27A-477448CB7D0C}.Release|x64.ActiveCfg = Release|x64
		{28E12078-AFE0-4A3C-B27A-477448CB7D0C}.Release|x64.Build.0 = Release|x64
		{28E12078-AFE0-4A3C-B27A-477448CB7D0C}.Release|x86.ActiveCfg = Release|Win32
		{28E12078-AFE0-4A3C-B27A-477448CB7D0C}.Release|x86.Build.0 = Release|Win32
		{6439D8E0-AF84-415C-AB3B-B26D691FF1FF}.Debug|Any CPU.ActiveCfg = Debug|Any CPU
		{6439D8E0-AF84-415C-AB3B-B26D691FF1FF}.Debug|Any CPU.Build.0 = Debug|Any CPU
		{6439D8E0-AF84-415C-AB3B-B26D691FF1FF}.Debug|x64.ActiveCfg = Debug|Any CPU
		{6439D8E0-AF84-415C-AB3B-B26D691FF1FF}.Debug|x64.Build.0 = Debug|Any CPU
		{6439D8E0-AF84-415C-AB3B-B26D691FF1FF}.Debug|x86.ActiveCfg = Debug|Any CPU
		{6439D8E0-AF84-415C-AB3B-B26D691FF1FF}.Debug|x86.Build.0 = Debug|Any CPU
		{6439D8E0-AF84-415C-AB3B-B26D691FF1FF}.Release|Any CPU.ActiveCfg = Release|Any CPU
		{6439D8E0-AF84-415C-AB3B-B26D691FF1FF}.Release|Any CPU.Build.0 = Release|Any CPU
		{6439D8E0-AF84-415C-AB3B-B26D691FF1FF}.Release|x64.ActiveCfg = Release|Any CPU
		{6439D8E0-AF84-415C-AB3B-B26D691FF1FF}.Release|x64.Build.0 = Release|Any CPU
		{6439D8E0-AF84-415C-AB3B-B26D691FF1FF}.Release|x86.ActiveCfg = Release|Any CPU
		{6439D8E0-AF84-415C-AB3B-B26D691FF1FF}.Release|x86.Build.0 = Release|Any CPU
		{3C0BF252-2FD0-42C5-8879-53FC392A06EE}.Debug|Any CPU.ActiveCfg = Debug|Win32
		{3C0BF252-2FD0-42C5-8879-53FC392A06EE}.Debug|x64.ActiveCfg = Debug|x64
		{3C0BF252-2FD0-42C5-8879-53FC392A06EE}.Debug|x64.Build.0 = Debug|x64
		{3C0BF252-2FD0-42C5-8879-53FC392A06EE}.Debug|x86.ActiveCfg = Debug|Win32
		{3C0BF252-2FD0-42C5-8879-53FC392A06EE}.Debug|x86.Build.0 = Debug|Win32
		{3C0BF252-2FD0-42C5-8879-53FC392A06EE}.Release|Any CPU.ActiveCfg = Release|Win32
		{3C0BF252-2FD0-42C5-8879-53FC392A06EE}.Release|x64.ActiveCfg = Release|x64
		{3C0BF252-2FD0-42C5-8879-53FC392A06EE}.Release|x64.Build.0 = Release|x64
		{3C0BF252-2FD0-42C5-8879-53FC392A06EE}.Release|x86.ActiveCfg = Release|Win32
		{3C0BF252-2FD0-42C5-8879-53FC392A06EE}.Release|x86.Build.0 = Release|Win32
		{35CF9FD7-E969-4611-AB9F-4576F0A2E50B}.Debug|Any CPU.ActiveCfg = Debug|Any CPU
		{35CF9FD7-E969-4611-AB9F-4576F0A2E50B}.Debug|Any CPU.Build.0 = Debug|Any CPU
		{35CF9FD7-E969-4611-AB9F-4576F0A2E50B}.Debug|x64.ActiveCfg = Debug|Any CPU
		{35CF9FD7-E969-4611-AB9F-4576F0A2E50B}.Debug|x64.Build.0 = Debug|Any CPU
		{35CF9FD7-E969-4611-AB9F-4576F0A2E50B}.Debug|x86.ActiveCfg = Debug|Any CPU
		{35CF9FD7-E969-4611-AB9F-4576F0A2E50B}.Debug|x86.Build.0 = Debug|Any CPU
		{35CF9FD7-E969-4611-AB9F-4576F0A2E50B}.Release|Any CPU.ActiveCfg = Release|Any CPU
		{35CF9FD7-E969-4611-AB9F-4576F0A2E50B}.Release|Any CPU.Build.0 = Release|Any CPU
		{35CF9FD7-E969-4611-AB9F-4576F0A2E50B}.Release|x64.ActiveCfg = Release|Any CPU
		{35CF9FD7-E969-4611-AB9F-4576F0A2E50B}.Release|x64.Build.0 = Release|Any CPU
		{35CF9FD7-E969-4611-AB9F-4576F0A2E50B}.Release|x86.ActiveCfg = Release|Any CPU
		{35CF9FD7-E969-4611-AB9F-4576F0A2E50B}.Release|x86.Build.0 = Release|Any CPU
		{235D2896-164C-454E-BA79-EF192B81344C}.Debug|Any CPU.ActiveCfg = Debug|Win32
		{235D2896-164C-454E-BA79-EF192B81344C}.Debug|x64.ActiveCfg = Debug|x64
		{235D2896-164C-454E-BA79-EF192B81344C}.Debug|x64.Build.0 = Debug|x64
		{235D2896-164C-454E-BA79-EF192B81344C}.Debug|x86.ActiveCfg = Debug|Win32
		{235D2896-164C-454E-BA79-EF192B81344C}.Debug|x86.Build.0 = Debug|Win32
		{235D2896-164C-454E-BA79-EF192B81344C}.Release|Any CPU.ActiveCfg = Release|Win32
		{235D2896-164C-454E-BA79-EF192B81344C}.Release|x64.ActiveCfg = Release|x64
		{235D2896-164C-454E-BA79-EF192B81344C}.Release|x64.Build.0 = Release|x64
		{235D2896-164C-454E-BA79-EF192B81344C}.Release|x86.ActiveCfg = Release|Win32
		{235D2896-164C-454E-BA79-EF192B81344C}.Release|x86.Build.0 = Release|Win32
		{0CADC06B-1305-42E3-B53F-A2AE7ECCD8AF}.Debug|Any CPU.ActiveCfg = Debug|Any CPU
		{0CADC06B-1305-42E3-B53F-A2AE7ECCD8AF}.Debug|Any CPU.Build.0 = Debug|Any CPU
		{0CADC06B-1305-42E3-B53F-A2AE7ECCD8AF}.Debug|x64.ActiveCfg = Debug|Any CPU
		{0CADC06B-1305-42E3-B53F-A2AE7ECCD8AF}.Debug|x64.Build.0 = Debug|Any CPU
		{0CADC06B-1305-42E3-B53F-A2AE7ECCD8AF}.Debug|x86.ActiveCfg = Debug|Any CPU
		{0CADC06B-1305-42E3-B53F-A2AE7ECCD8AF}.Debug|x86.Build.0 = Debug|Any CPU
		{0CADC06B-1305-42E3-B53F-A2AE7ECCD8AF}.Release|Any CPU.ActiveCfg = Release|Any CPU
		{0CADC06B-1305-42E3-B53F-A2AE7ECCD8AF}.Release|Any CPU.Build.0 = Release|Any CPU
		{0CADC06B-1305-42E3-B53F-A2AE7ECCD8AF}.Release|x64.ActiveCfg = Release|Any CPU
		{0CADC06B-1305-42E3-B53F-A2AE7ECCD8AF}.Release|x64.Build.0 = Release|Any CPU
		{0CADC06B-1305-42E3-B53F-A2AE7ECCD8AF}.Release|x86.ActiveCfg = Release|Any CPU
		{0CADC06B-1305-42E3-B53F-A2AE7ECCD8AF}.Release|x86.Build.0 = Release|Any CPU
		{E5D19D9B-5994-4BBD-918F-070BA6D37B20}.Debug|Any CPU.ActiveCfg = Debug|Win32
		{E5D19D9B-5994-4BBD-918F-070BA6D37B20}.Debug|x64.ActiveCfg = Debug|x64
		{E5D19D9B-5994-4BBD-918F-070BA6D37B20}.Debug|x64.Build.0 = Debug|x64
		{E5D19D9B-5994-4BBD-918F-070BA6D37B20}.Debug|x86.ActiveCfg = Debug|Win32
		{E5D19D9B-5994-4BBD-918F-070BA6D37B20}.Debug|x86.Build.0 = Debug|Win32
		{E5D19D9B-5994-4BBD-918F-070BA6D37B20}.Release|Any CPU.ActiveCfg = Release|Win32
		{E5D19D9B-5994-4BBD-918F-070BA6D37B20}.Release|x64.ActiveCfg = Release|x64
		{E5D19D9B-5994-4BBD-918F-070BA6D37B20}.Release|x64.Build.0 = Release|x64
		{E5D19D9B-5994-4BBD-918F-070BA6D37B20}.Release|x86.ActiveCfg = Release|Win32
		{E5D19D9B-5994-4BBD-918F-070BA6D37B20}.Release|x86.Build.0 = Release|Win32
		{FACDB90E-243B-4B5D-826A-DDCC50C24201}.Debug|Any CPU.ActiveCfg = Debug|Any CPU
		{FACDB90E-243B-4B5D-826A-DDCC50C24201}.Debug|Any CPU.Build.0 = Debug|Any CPU
		{FACDB90E-243B-4B5D-826A-DDCC50C24201}.Debug|x64.ActiveCfg = Debug|Any CPU
		{FACDB90E-243B-4B5D-826A-DDCC50C24201}.Debug|x64.Build.0 = Debug|Any CPU
		{FACDB90E-243B-4B5D-826A-DDCC50C24201}.Debug|x86.ActiveCfg = Debug|Any CPU
		{FACDB90E-243B-4B5D-826A-DDCC50C24201}.Debug|x86.Build.0 = Debug|Any CPU
		{FACDB90E-243B-4B5D-826A-DDCC50C24201}.Release|Any CPU.ActiveCfg = Release|Any CPU
		{FACDB90E-243B-4B5D-826A-DDCC50C24201}.Release|Any CPU.Build.0 = Release|Any CPU
		{FACDB90E-243B-4B5D-826A-DDCC50C24201}.Release|x64.ActiveCfg = Release|Any CPU
		{FACDB90E-243B-4B5D-826A-DDCC50C24201}.Release|x64.Build.0 = Release|Any CPU
		{FACDB90E-243B-4B5D-826A-DDCC50C24201}.Release|x86.ActiveCfg = Release|Any CPU
		{FACDB90E-243B-4B5D-826A-DDCC50C24201}.Release|x86.Build.0 = Release|Any CPU
		{D1D18357-AC14-4421-9428-20CBF0073088}.Debug|Any CPU.ActiveCfg = Debug|Win32
		{D1D18357-AC14-4421-9428-20CBF0073088}.Debug|x64.ActiveCfg = Debug|x64
		{D1D18357-AC14-4421-9428-20CBF0073088}.Debug|x64.Build.0 = Debug|x64
		{D1D18357-AC14-4421-9428-20CBF0073088}.Debug|x86.ActiveCfg = Debug|Win32
		{D1D18357-AC14-4421-9428-20CBF0073088}.Debug|x86.Build.0 = Debug|Win32
		{D1D18357-AC14-4421-9428-20CBF0073088}.Release|Any CPU.ActiveCfg = Release|Win32
		{D1D18357-AC14-4421-9428-20CBF0073088}.Release|x64.ActiveCfg = Release|x64
		{D1D18357-AC14-4421-9428-20CBF0073088}.Release|x64.Build.0 = Release|x64
		{D1D18357-AC14-4421-9428-20CBF0073088}.Release|x86.ActiveCfg = Release|Win32
		{D1D18357-AC14-4421-9428-20CBF0073088}.Release|x86.Build.0 = Release|Win32
		{4F6E7332-7636-4B9A-BAFD-95B92FC5F649}.Debug|Any CPU.ActiveCfg = Debug|Any CPU
		{4F6E7332-7636-4B9A-BAFD-95B92FC5F649}.Debug|Any CPU.Build.0 = Debug|Any CPU
		{4F6E7332-7636-4B9A-BAFD-95B92FC5F649}.Debug|x64.ActiveCfg = Debug|Any CPU
		{4F6E7332-7636-4B9A-BAFD-95B92FC5F649}.Debug|x64.Build.0 = Debug|Any CPU
		{4F6E7332-7636-4B9A-BAFD-95B92FC5F649}.Debug|x86.ActiveCfg = Debug|Any CPU
		{4F6E7332-7636-4B9A-BAFD-95B92FC5F649}.Debug|x86.Build.0 = Debug|Any CPU
		{4F6E7332-7636-4B9A-BAFD-95B92FC5F649}.Release|Any CPU.ActiveCfg = Release|Any CPU
		{4F6E7332-7636-4B9A-BAFD-95B92FC5F649}.Release|Any CPU.Build.0 = Release|Any CPU
		{4F6E7332-7636-4B9A-BAFD-95B92FC5F649}.Release|x64.ActiveCfg = Release|Any CPU
		{4F6E7332-7636-4B9A-BAFD-95B92FC5F649}.Release|x64.Build.0 = Release|Any CPU
		{4F6E7332-7636-4B9A-BAFD-95B92FC5F649}.Release|x86.ActiveCfg = Release|Any CPU
		{4F6E7332-7636-4B9A-BAFD-95B92FC5F649}.Release|x86.Build.0 = Release|Any CPU
		{88698323-1A6E-40A2-990D-452F724E5609}.Debug|Any CPU.ActiveCfg = Debug|Win32
		{88698323-1A6E-40A2-990D-452F724E5609}.Debug|x64.ActiveCfg = Debug|x64
		{88698323-1A6E-40A2-990D-452F724E5609}.Debug|x64.Build.0 = Debug|x64
		{88698323-1A6E-40A2-990D-452F724E5609}.Debug|x86.ActiveCfg = Debug|Win32
		{88698323-1A6E-40A2-990D-452F724E5609}.Debug|x86.Build.0 = Debug|Win32
		{88698323-1A6E-40A2-990D-452F724E5609}.Release|Any CPU.ActiveCfg = Release|Win32
		{88698323-1A6E-40A2-990D-452F724E5609}.Release|x64.ActiveCfg = Release|x64
		{88698323-1A6E-40A2-990D-452F724E5609}.Release|x64.Build.0 = Release|x64
		{88698323-1A6E-40A2-990D-452F724E5609}.Release|x86.ActiveCfg = Release|Win32
		{88698323-1A6E-40A2-990D-452F724E5609}.Release|x86.Build.0 = Release|Win32
		{FF60A323-DC4D-414D-87AE-312967CA5F78}.Debug|Any CPU.ActiveCfg = Debug|Any CPU
		{FF60A323-DC4D-414D-87AE-312967CA5F78}.Debug|Any CPU.Build.0 = Debug|Any CPU
		{FF60A323-DC4D-414D-87AE-312967CA5F78}.Debug|x64.ActiveCfg = Debug|Any CPU
		{FF60A323-DC4D-414D-87AE-312967CA5F78}.Debug|x64.Build.0 = Debug|Any CPU
		{FF60A323-DC4D-414D-87AE-312967CA5F78}.Debug|x86.ActiveCfg = Debug|Any CPU
		{FF60A323-DC4D-414D-87AE-312967CA5F78}.Debug|x86.Build.0 = Debug|Any CPU
		{FF60A323-DC4D-414D-87AE-312967CA5F78}.Release|Any CPU.ActiveCfg = Release|Any CPU
		{FF60A323-DC4D-414D-87AE-312967CA5F78}.Release|Any CPU.Build.0 = Release|Any CPU
		{FF60A323-DC4D-414D-87AE-312967CA5F78}.Release|x64.ActiveCfg = Release|Any CPU
		{FF60A323-DC4D-414D-87AE-312967CA5F78}.Release|x64.Build.0 = Release|Any CPU
		{FF60A323-DC4D-414D-87AE-312967CA5F78}.Release|x86.ActiveCfg = Release|Any CPU
		{FF60A323-DC4D-414D-87AE-312967CA5F78}.Release|x86.Build.0 = Release|Any CPU
		{B89F7A06-D656-4D45-A27D-0E017A416FBD}.Debug|Any CPU.ActiveCfg = Debug|Win32
		{B89F7A06-D656-4D45-A27D-0E017A416FBD}.Debug|x64.ActiveCfg = Debug|x64
		{B89F7A06-D656-4D45-A27D-0E017A416FBD}.Debug|x64.Build.0 = Debug|x64
		{B89F7A06-D656-4D45-A27D-0E017A416FBD}.Debug|x86.ActiveCfg = Debug|Win32
		{B89F7A06-D656-4D45-A27D-0E017A416FBD}.Debug|x86.Build.0 = Debug|Win32
		{B89F7A06-D656-4D45-A27D-0E017A416FBD}.Release|Any CPU.ActiveCfg = Release|Win32
		{B89F7A06-D656-4D45-A27D-0E017A416FBD}.Release|x64.ActiveCfg = Release|x64
		{B89F7A06-D656-4D45-A27D-0E017A416FBD}.Release|x64.Build.0 = Release|x64
		{B89F7A06-D656-4D45-A27D-0E017A416FBD}.Release|x86.ActiveCfg = Release|Win32
		{B89F7A06-D656-4D45-A27D-0E017A416FBD}.Release|x86.Build.0 = Release|Win32
		{575DEBE5-977B-4410-AA09-51F3D0E772C6}.Debug|Any CPU.ActiveCfg = Debug|Any CPU
		{575DEBE5-977B-4410-AA09-51F3D0E772C6}.Debug|Any CPU.Build.0 = Debug|Any CPU
		{575DEBE5-977B-4410-AA09-51F3D0E772C6}.Debug|x64.ActiveCfg = Debug|Any CPU
		{575DEBE5-977B-4410-AA09-51F3D0E772C6}.Debug|x64.Build.0 = Debug|Any CPU
		{575DEBE5-977B-4410-AA09-51F3D0E772C6}.Debug|x86.ActiveCfg = Debug|Any CPU
		{575DEBE5-977B-4410-AA09-51F3D0E772C6}.Debug|x86.Build.0 = Debug|Any CPU
		{575DEBE5-977B-4410-AA09-51F3D0E772C6}.Release|Any CPU.ActiveCfg = Release|Any CPU
		{575DEBE5-977B-4410-AA09-51F3D0E772C6}.Release|Any CPU.Build.0 = Release|Any CPU
		{575DEBE5-977B-4410-AA09-51F3D0E772C6}.Release|x64.ActiveCfg = Release|Any CPU
		{575DEBE5-977B-4410-AA09-51F3D0E772C6}.Release|x64.Build.0 = Release|Any CPU
		{575DEBE5-977B-4410-AA09-51F3D0E772C6}.Release|x86.ActiveCfg = Release|Any CPU
		{575DEBE5-977B-4410-AA09-51F3D0E772C6}.Release|x86.Build.0 = Release|Any CPU
		{DBB6B924-B2D2-4D08-95CE-B4A31B8E1875}.Debug|Any CPU.ActiveCfg = Debug|Win32
		{DBB6B924-B2D2-4D08-95CE-B4A31B8E1875}.Debug|x64.ActiveCfg = Debug|x64
		{DBB6B924-B2D2-4D08-95CE-B4A31B8E1875}.Debug|x64.Build.0 = Debug|x64
		{DBB6B924-B2D2-4D08-95CE-B4A31B8E1875}.Debug|x86.ActiveCfg = Debug|Win32
		{DBB6B924-B2D2-4D08-95CE-B4A31B8E1875}.Debug|x86.Build.0 = Debug|Win32
		{DBB6B924-B2D2-4D08-95CE-B4A31B8E1875}.Release|Any CPU.ActiveCfg = Release|Win32
		{DBB6B924-B2D2-4D08-95CE-B4A31B8E1875}.Release|x64.ActiveCfg = Release|x64
		{DBB6B924-B2D2-4D08-95CE-B4A31B8E1875}.Release|x64.Build.0 = Release|x64
		{DBB6B924-B2D2-4D08-95CE-B4A31B8E1875}.Release|x86.ActiveCfg = Release|Win32
		{DBB6B924-B2D2-4D08-95CE-B4A31B8E1875}.Release|x86.Build.0 = Release|Win32
		{85AE281E-D082-45E0-AF3B-4F24EDF709B4}.Debug|Any CPU.ActiveCfg = Debug|Any CPU
		{85AE281E-D082-45E0-AF3B-4F24EDF709B4}.Debug|Any CPU.Build.0 = Debug|Any CPU
		{85AE281E-D082-45E0-AF3B-4F24EDF709B4}.Debug|x64.ActiveCfg = Debug|Any CPU
		{85AE281E-D082-45E0-AF3B-4F24EDF709B4}.Debug|x64.Build.0 = Debug|Any CPU
		{85AE281E-D082-45E0-AF3B-4F24EDF709B4}.Debug|x86.ActiveCfg = Debug|Any CPU
		{85AE281E-D082-45E0-AF3B-4F24EDF709B4}.Debug|x86.Build.0 = Debug|Any CPU
		{85AE281E-D082-45E0-AF3B-4F24EDF709B4}.Release|Any CPU.ActiveCfg = Release|Any CPU
		{85AE281E-D082-45E0-AF3B-4F24EDF709B4}.Release|Any CPU.Build.0 = Release|Any CPU
		{85AE281E-D082-45E0-AF3B-4F24EDF709B4}.Release|x64.ActiveCfg = Release|Any CPU
		{85AE281E-D082-45E0-AF3B-4F24EDF709B4}.Release|x64.Build.0 = Release|Any CPU
		{85AE281E-D082-45E0-AF3B-4F24EDF709B4}.Release|x86.ActiveCfg = Release|Any CPU
		{85AE281E-D082-45E0-AF3B-4F24EDF709B4}.Release|x86.Build.0 = Release|Any CPU
		{C808075D-8F49-4EA4-9F3C-60D9B200CECC}.Debug|Any CPU.ActiveCfg = Debug|Win32
		{C808075D-8F49-4EA4-9F3C-60D9B200CECC}.Debug|x64.ActiveCfg = Debug|x64
		{C808075D-8F49-4EA4-9F3C-60D9B200CECC}.Debug|x64.Build.0 = Debug|x64
		{C808075D-8F49-4EA4-9F3C-60D9B200CECC}.Debug|x86.ActiveCfg = Debug|Win32
		{C808075D-8F49-4EA4-9F3C-60D9B200CECC}.Debug|x86.Build.0 = Debug|Win32
		{C808075D-8F49-4EA4-9F3C-60D9B200CECC}.Release|Any CPU.ActiveCfg = Release|Win32
		{C808075D-8F49-4EA4-9F3C-60D9B200CECC}.Release|x64.ActiveCfg = Release|x64
		{C808075D-8F49-4EA4-9F3C-60D9B200CECC}.Release|x64.Build.0 = Release|x64
		{C808075D-8F49-4EA4-9F3C-60D9B200CECC}.Release|x86.ActiveCfg = Release|Win32
		{C808075D-8F49-4EA4-9F3C-60D9B200CECC}.Release|x86.Build.0 = Release|Win32
		{7CB4B6C9-501D-4C7E-9A53-91D821210EED}.Debug|Any CPU.ActiveCfg = Debug|Any CPU
		{7CB4B6C9-501D-4C7E-9A53-91D821210EED}.Debug|Any CPU.Build.0 = Debug|Any CPU
		{7CB4B6C9-501D-4C7E-9A53-91D821210EED}.Debug|x64.ActiveCfg = Debug|Any CPU
		{7CB4B6C9-501D-4C7E-9A53-91D821210EED}.Debug|x64.Build.0 = Debug|Any CPU
		{7CB4B6C9-501D-4C7E-9A53-91D821210EED}.Debug|x86.ActiveCfg = Debug|Any CPU
		{7CB4B6C9-501D-4C7E-9A53-91D821210EED}.Debug|x86.Build.0 = Debug|Any CPU
		{7CB4B6C9-501D-4C7E-9A53-91D821210EED}.Release|Any CPU.ActiveCfg = Release|Any CPU
		{7CB4B6C9-501D-4C7E-9A53-91D821210EED}.Release|Any CPU.Build.0 = Release|Any CPU
		{7CB4B6C9-501D-4C7E-9A53-91D821210EED}.Release|x64.ActiveCfg = Release|Any CPU
		{7CB4B6C9-501D-4C7E-9A53-91D821210EED}.Release|x64.Build.0 = Release|Any CPU
		{7CB4B6C9-501D-4C7E-9A53-91D821210EED}.Release|x86.ActiveCfg = Release|Any CPU
		{7CB4B6C9-501D-4C7E-9A53-91D821210EED}.Release|x86.Build.0 = Release|Any CPU
		{64CAB851-7FDC-4547-A9A9-9F07F635759F}.Debug|Any CPU.ActiveCfg = Debug|Win32
		{64CAB851-7FDC-4547-A9A9-9F07F635759F}.Debug|x64.ActiveCfg = Debug|x64
		{64CAB851-7FDC-4547-A9A9-9F07F635759F}.Debug|x64.Build.0 = Debug|x64
		{64CAB851-7FDC-4547-A9A9-9F07F635759F}.Debug|x86.ActiveCfg = Debug|Win32
		{64CAB851-7FDC-4547-A9A9-9F07F635759F}.Debug|x86.Build.0 = Debug|Win32
		{64CAB851-7FDC-4547-A9A9-9F07F635759F}.Release|Any CPU.ActiveCfg = Release|Win32
		{64CAB851-7FDC-4547-A9A9-9F07F635759F}.Release|x64.ActiveCfg = Release|x64
		{64CAB851-7FDC-4547-A9A9-9F07F635759F}.Release|x64.Build.0 = Release|x64
		{64CAB851-7FDC-4547-A9A9-9F07F635759F}.Release|x86.ActiveCfg = Release|Win32
		{64CAB851-7FDC-4547-A9A9-9F07F635759F}.Release|x86.Build.0 = Release|Win32
	EndGlobalSection
	GlobalSection(SolutionProperties) = preSolution
		HideSolutionNode = FALSE
	EndGlobalSection
	GlobalSection(ExtensibilityGlobals) = postSolution
		SolutionGuid = {7E31C3E9-1877-4B59-B0B4-8633C61A0F67}
	EndGlobalSection
EndGlobal
