
Microsoft Visual Studio Solution File, Format Version 12.00
# Visual Studio Version 16
VisualStudioVersion = 16.0.29509.3
MinimumVisualStudioVersion = 10.0.40219.1
Project("{8BC9CEB8-8B4A-11D0-8D11-00A0C91BC942}") = "Zadatak_1", "Zadatak_1\Zadatak_1.vcxproj", "{81923DE8-6D62-4165-B966-FF0CB2DD359B}"
EndProject
Project("{FAE04EC0-301F-11D3-BF4B-00C04F79EFBC}") = "Zadatak_2", "Zadatak_2\Zadatak_2.csproj", "{79933B5D-B0B6-49AF-A7CF-B21470B4CDA5}"
EndProject
Project("{FAE04EC0-301F-11D3-BF4B-00C04F79EFBC}") = "Zadatak_3_1", "Zadatak_3_1\Zadatak_3_1.csproj", "{E75FEEBB-515E-43BA-80C9-D965E1570FF6}"
EndProject
Project("{8BC9CEB8-8B4A-11D0-8D11-00A0C91BC942}") = "Zadatak_3_2", "Zadatak_3_2\Zadatak_3_2.vcxproj", "{9A584C53-6BF4-490E-855F-2850809E5C76}"
EndProject
Project("{8BC9CEB8-8B4A-11D0-8D11-00A0C91BC942}") = "Zadatak_4_1", "Zadatak_4_1\Zadatak_4_1.vcxproj", "{A50CF3F4-8D64-4521-8ACD-1AE5F7212EA4}"
EndProject
Project("{FAE04EC0-301F-11D3-BF4B-00C04F79EFBC}") = "Zadatak_4_2", "Zadatak_4_2\Zadatak_4_2.csproj", "{48AE33EA-626E-4157-8CFD-5F858C93A485}"
EndProject
Project("{8BC9CEB8-8B4A-11D0-8D11-00A0C91BC942}") = "Zadatak_5_1", "Zadatak_5_1\Zadatak_5_1.vcxproj", "{B5144A4A-D6D1-485D-93D1-8883F62DEB25}"
EndProject
Project("{FAE04EC0-301F-11D3-BF4B-00C04F79EFBC}") = "Zadatak_5_2", "Zadatak_5_2\Zadatak_5_2.csproj", "{F75588B8-6D6E-43F5-BE69-7614AF38D4F3}"
EndProject
Project("{FAE04EC0-301F-11D3-BF4B-00C04F79EFBC}") = "Zadatak_6_1", "Zadatak_6_1\Zadatak_6_1.csproj", "{5D720BE1-AADE-4759-BAA5-A1258E3611C2}"
EndProject
Project("{8BC9CEB8-8B4A-11D0-8D11-00A0C91BC942}") = "Zadatak_6_2", "Zadatak_6_2\Zadatak_6_2.vcxproj", "{9E501EBE-6A1A-4C14-AF42-8D114E7B5986}"
EndProject
Project("{8BC9CEB8-8B4A-11D0-8D11-00A0C91BC942}") = "Zadatak_7_1", "Zadatak_7_1\Zadatak_7_1.vcxproj", "{4B28E236-7C4C-4B36-BF0B-BD1C2187897A}"
EndProject
Project("{FAE04EC0-301F-11D3-BF4B-00C04F79EFBC}") = "Zadatak_7_2", "Zadatak_7_2\Zadatak_7_2.csproj", "{4A1C1F7C-E5D4-455C-8DEF-7ECFA675E4AB}"
EndProject
Project("{8BC9CEB8-8B4A-11D0-8D11-00A0C91BC942}") = "Zadatak_8_1", "Zadatak_8_1\Zadatak_8_1.vcxproj", "{E5CE463A-F538-4912-8184-99D0609B4D1F}"
EndProject
Project("{FAE04EC0-301F-11D3-BF4B-00C04F79EFBC}") = "Zadatak_8_2", "Zadatak_8_2\Zadatak_8_2.csproj", "{11F7524E-7A1F-4E9B-9331-99D48EFC7BB6}"
EndProject
Project("{FAE04EC0-301F-11D3-BF4B-00C04F79EFBC}") = "Zadatak_9_1", "Zadatak_9_1\Zadatak_9_1.csproj", "{AA4FBB94-E02D-47E9-B481-8A5A489389ED}"
EndProject
Project("{8BC9CEB8-8B4A-11D0-8D11-00A0C91BC942}") = "Zadatak_9_2", "Zadatak_9_2\Zadatak_9_2.vcxproj", "{67186143-07CC-44D3-B2E5-E9D36934FF66}"
EndProject
Project("{8BC9CEB8-8B4A-11D0-8D11-00A0C91BC942}") = "Zadatak_10_1", "Zadatak_10_1\Zadatak_10_1.vcxproj", "{8063E92A-4F80-4EE3-AB43-96BFD78EEC87}"
EndProject
Project("{FAE04EC0-301F-11D3-BF4B-00C04F79EFBC}") = "Zadatak_10_2", "Zadatak_10_2\Zadatak_10_2.csproj", "{1BC05406-0412-43FF-95E4-FA851075D33E}"
EndProject
Global
	GlobalSection(SolutionConfigurationPlatforms) = preSolution
		Debug|Any CPU = Debug|Any CPU
		Debug|x64 = Debug|x64
		Debug|x86 = Debug|x86
		Release|Any CPU = Release|Any CPU
		Release|x64 = Release|x64
		Release|x86 = Release|x86
	EndGlobalSection
	GlobalSection(ProjectConfigurationPlatforms) = postSolution
		{81923DE8-6D62-4165-B966-FF0CB2DD359B}.Debug|Any CPU.ActiveCfg = Debug|Win32
		{81923DE8-6D62-4165-B966-FF0CB2DD359B}.Debug|x64.ActiveCfg = Debug|x64
		{81923DE8-6D62-4165-B966-FF0CB2DD359B}.Debug|x64.Build.0 = Debug|x64
		{81923DE8-6D62-4165-B966-FF0CB2DD359B}.Debug|x86.ActiveCfg = Debug|Win32
		{81923DE8-6D62-4165-B966-FF0CB2DD359B}.Debug|x86.Build.0 = Debug|Win32
		{81923DE8-6D62-4165-B966-FF0CB2DD359B}.Release|Any CPU.ActiveCfg = Release|Win32
		{81923DE8-6D62-4165-B966-FF0CB2DD359B}.Release|x64.ActiveCfg = Release|x64
		{81923DE8-6D62-4165-B966-FF0CB2DD359B}.Release|x64.Build.0 = Release|x64
		{81923DE8-6D62-4165-B966-FF0CB2DD359B}.Release|x86.ActiveCfg = Release|Win32
		{81923DE8-6D62-4165-B966-FF0CB2DD359B}.Release|x86.Build.0 = Release|Win32
		{79933B5D-B0B6-49AF-A7CF-B21470B4CDA5}.Debug|Any CPU.ActiveCfg = Debug|Any CPU
		{79933B5D-B0B6-49AF-A7CF-B21470B4CDA5}.Debug|Any CPU.Build.0 = Debug|Any CPU
		{79933B5D-B0B6-49AF-A7CF-B21470B4CDA5}.Debug|x64.ActiveCfg = Debug|Any CPU
		{79933B5D-B0B6-49AF-A7CF-B21470B4CDA5}.Debug|x64.Build.0 = Debug|Any CPU
		{79933B5D-B0B6-49AF-A7CF-B21470B4CDA5}.Debug|x86.ActiveCfg = Debug|Any CPU
		{79933B5D-B0B6-49AF-A7CF-B21470B4CDA5}.Debug|x86.Build.0 = Debug|Any CPU
		{79933B5D-B0B6-49AF-A7CF-B21470B4CDA5}.Release|Any CPU.ActiveCfg = Release|Any CPU
		{79933B5D-B0B6-49AF-A7CF-B21470B4CDA5}.Release|Any CPU.Build.0 = Release|Any CPU
		{79933B5D-B0B6-49AF-A7CF-B21470B4CDA5}.Release|x64.ActiveCfg = Release|Any CPU
		{79933B5D-B0B6-49AF-A7CF-B21470B4CDA5}.Release|x64.Build.0 = Release|Any CPU
		{79933B5D-B0B6-49AF-A7CF-B21470B4CDA5}.Release|x86.ActiveCfg = Release|Any CPU
		{79933B5D-B0B6-49AF-A7CF-B21470B4CDA5}.Release|x86.Build.0 = Release|Any CPU
		{E75FEEBB-515E-43BA-80C9-D965E1570FF6}.Debug|Any CPU.ActiveCfg = Debug|Any CPU
		{E75FEEBB-515E-43BA-80C9-D965E1570FF6}.Debug|Any CPU.Build.0 = Debug|Any CPU
		{E75FEEBB-515E-43BA-80C9-D965E1570FF6}.Debug|x64.ActiveCfg = Debug|Any CPU
		{E75FEEBB-515E-43BA-80C9-D965E1570FF6}.Debug|x64.Build.0 = Debug|Any CPU
		{E75FEEBB-515E-43BA-80C9-D965E1570FF6}.Debug|x86.ActiveCfg = Debug|Any CPU
		{E75FEEBB-515E-43BA-80C9-D965E1570FF6}.Debug|x86.Build.0 = Debug|Any CPU
		{E75FEEBB-515E-43BA-80C9-D965E1570FF6}.Release|Any CPU.ActiveCfg = Release|Any CPU
		{E75FEEBB-515E-43BA-80C9-D965E1570FF6}.Release|Any CPU.Build.0 = Release|Any CPU
		{E75FEEBB-515E-43BA-80C9-D965E1570FF6}.Release|x64.ActiveCfg = Release|Any CPU
		{E75FEEBB-515E-43BA-80C9-D965E1570FF6}.Release|x64.Build.0 = Release|Any CPU
		{E75FEEBB-515E-43BA-80C9-D965E1570FF6}.Release|x86.ActiveCfg = Release|Any CPU
		{E75FEEBB-515E-43BA-80C9-D965E1570FF6}.Release|x86.Build.0 = Release|Any CPU
		{9A584C53-6BF4-490E-855F-2850809E5C76}.Debug|Any CPU.ActiveCfg = Debug|Win32
		{9A584C53-6BF4-490E-855F-2850809E5C76}.Debug|x64.ActiveCfg = Debug|x64
		{9A584C53-6BF4-490E-855F-2850809E5C76}.Debug|x64.Build.0 = Debug|x64
		{9A584C53-6BF4-490E-855F-2850809E5C76}.Debug|x86.ActiveCfg = Debug|Win32
		{9A584C53-6BF4-490E-855F-2850809E5C76}.Debug|x86.Build.0 = Debug|Win32
		{9A584C53-6BF4-490E-855F-2850809E5C76}.Release|Any CPU.ActiveCfg = Release|Win32
		{9A584C53-6BF4-490E-855F-2850809E5C76}.Release|x64.ActiveCfg = Release|x64
		{9A584C53-6BF4-490E-855F-2850809E5C76}.Release|x64.Build.0 = Release|x64
		{9A584C53-6BF4-490E-855F-2850809E5C76}.Release|x86.ActiveCfg = Release|Win32
		{9A584C53-6BF4-490E-855F-2850809E5C76}.Release|x86.Build.0 = Release|Win32
		{A50CF3F4-8D64-4521-8ACD-1AE5F7212EA4}.Debug|Any CPU.ActiveCfg = Debug|Win32
		{A50CF3F4-8D64-4521-8ACD-1AE5F7212EA4}.Debug|x64.ActiveCfg = Debug|x64
		{A50CF3F4-8D64-4521-8ACD-1AE5F7212EA4}.Debug|x64.Build.0 = Debug|x64
		{A50CF3F4-8D64-4521-8ACD-1AE5F7212EA4}.Debug|x86.ActiveCfg = Debug|Win32
		{A50CF3F4-8D64-4521-8ACD-1AE5F7212EA4}.Debug|x86.Build.0 = Debug|Win32
		{A50CF3F4-8D64-4521-8ACD-1AE5F7212EA4}.Release|Any CPU.ActiveCfg = Release|Win32
		{A50CF3F4-8D64-4521-8ACD-1AE5F7212EA4}.Release|x64.ActiveCfg = Release|x64
		{A50CF3F4-8D64-4521-8ACD-1AE5F7212EA4}.Release|x64.Build.0 = Release|x64
		{A50CF3F4-8D64-4521-8ACD-1AE5F7212EA4}.Release|x86.ActiveCfg = Release|Win32
		{A50CF3F4-8D64-4521-8ACD-1AE5F7212EA4}.Release|x86.Build.0 = Release|Win32
		{48AE33EA-626E-4157-8CFD-5F858C93A485}.Debug|Any CPU.ActiveCfg = Debug|Any CPU
		{48AE33EA-626E-4157-8CFD-5F858C93A485}.Debug|Any CPU.Build.0 = Debug|Any CPU
		{48AE33EA-626E-4157-8CFD-5F858C93A485}.Debug|x64.ActiveCfg = Debug|Any CPU
		{48AE33EA-626E-4157-8CFD-5F858C93A485}.Debug|x64.Build.0 = Debug|Any CPU
		{48AE33EA-626E-4157-8CFD-5F858C93A485}.Debug|x86.ActiveCfg = Debug|Any CPU
		{48AE33EA-626E-4157-8CFD-5F858C93A485}.Debug|x86.Build.0 = Debug|Any CPU
		{48AE33EA-626E-4157-8CFD-5F858C93A485}.Release|Any CPU.ActiveCfg = Release|Any CPU
		{48AE33EA-626E-4157-8CFD-5F858C93A485}.Release|Any CPU.Build.0 = Release|Any CPU
		{48AE33EA-626E-4157-8CFD-5F858C93A485}.Release|x64.ActiveCfg = Release|Any CPU
		{48AE33EA-626E-4157-8CFD-5F858C93A485}.Release|x64.Build.0 = Release|Any CPU
		{48AE33EA-626E-4157-8CFD-5F858C93A485}.Release|x86.ActiveCfg = Release|Any CPU
		{48AE33EA-626E-4157-8CFD-5F858C93A485}.Release|x86.Build.0 = Release|Any CPU
		{B5144A4A-D6D1-485D-93D1-8883F62DEB25}.Debug|Any CPU.ActiveCfg = Debug|Win32
		{B5144A4A-D6D1-485D-93D1-8883F62DEB25}.Debug|x64.ActiveCfg = Debug|x64
		{B5144A4A-D6D1-485D-93D1-8883F62DEB25}.Debug|x64.Build.0 = Debug|x64
		{B5144A4A-D6D1-485D-93D1-8883F62DEB25}.Debug|x86.ActiveCfg = Debug|Win32
		{B5144A4A-D6D1-485D-93D1-8883F62DEB25}.Debug|x86.Build.0 = Debug|Win32
		{B5144A4A-D6D1-485D-93D1-8883F62DEB25}.Release|Any CPU.ActiveCfg = Release|Win32
		{B5144A4A-D6D1-485D-93D1-8883F62DEB25}.Release|x64.ActiveCfg = Release|x64
		{B5144A4A-D6D1-485D-93D1-8883F62DEB25}.Release|x64.Build.0 = Release|x64
		{B5144A4A-D6D1-485D-93D1-8883F62DEB25}.Release|x86.ActiveCfg = Release|Win32
		{B5144A4A-D6D1-485D-93D1-8883F62DEB25}.Release|x86.Build.0 = Release|Win32
		{F75588B8-6D6E-43F5-BE69-7614AF38D4F3}.Debug|Any CPU.ActiveCfg = Debug|Any CPU
		{F75588B8-6D6E-43F5-BE69-7614AF38D4F3}.Debug|Any CPU.Build.0 = Debug|Any CPU
		{F75588B8-6D6E-43F5-BE69-7614AF38D4F3}.Debug|x64.ActiveCfg = Debug|Any CPU
		{F75588B8-6D6E-43F5-BE69-7614AF38D4F3}.Debug|x64.Build.0 = Debug|Any CPU
		{F75588B8-6D6E-43F5-BE69-7614AF38D4F3}.Debug|x86.ActiveCfg = Debug|Any CPU
		{F75588B8-6D6E-43F5-BE69-7614AF38D4F3}.Debug|x86.Build.0 = Debug|Any CPU
		{F75588B8-6D6E-43F5-BE69-7614AF38D4F3}.Release|Any CPU.ActiveCfg = Release|Any CPU
		{F75588B8-6D6E-43F5-BE69-7614AF38D4F3}.Release|Any CPU.Build.0 = Release|Any CPU
		{F75588B8-6D6E-43F5-BE69-7614AF38D4F3}.Release|x64.ActiveCfg = Release|Any CPU
		{F75588B8-6D6E-43F5-BE69-7614AF38D4F3}.Release|x64.Build.0 = Release|Any CPU
		{F75588B8-6D6E-43F5-BE69-7614AF38D4F3}.Release|x86.ActiveCfg = Release|Any CPU
		{F75588B8-6D6E-43F5-BE69-7614AF38D4F3}.Release|x86.Build.0 = Release|Any CPU
		{5D720BE1-AADE-4759-BAA5-A1258E3611C2}.Debug|Any CPU.ActiveCfg = Debug|Any CPU
		{5D720BE1-AADE-4759-BAA5-A1258E3611C2}.Debug|Any CPU.Build.0 = Debug|Any CPU
		{5D720BE1-AADE-4759-BAA5-A1258E3611C2}.Debug|x64.ActiveCfg = Debug|Any CPU
		{5D720BE1-AADE-4759-BAA5-A1258E3611C2}.Debug|x64.Build.0 = Debug|Any CPU
		{5D720BE1-AADE-4759-BAA5-A1258E3611C2}.Debug|x86.ActiveCfg = Debug|Any CPU
		{5D720BE1-AADE-4759-BAA5-A1258E3611C2}.Debug|x86.Build.0 = Debug|Any CPU
		{5D720BE1-AADE-4759-BAA5-A1258E3611C2}.Release|Any CPU.ActiveCfg = Release|Any CPU
		{5D720BE1-AADE-4759-BAA5-A1258E3611C2}.Release|Any CPU.Build.0 = Release|Any CPU
		{5D720BE1-AADE-4759-BAA5-A1258E3611C2}.Release|x64.ActiveCfg = Release|Any CPU
		{5D720BE1-AADE-4759-BAA5-A1258E3611C2}.Release|x64.Build.0 = Release|Any CPU
		{5D720BE1-AADE-4759-BAA5-A1258E3611C2}.Release|x86.ActiveCfg = Release|Any CPU
		{5D720BE1-AADE-4759-BAA5-A1258E3611C2}.Release|x86.Build.0 = Release|Any CPU
		{9E501EBE-6A1A-4C14-AF42-8D114E7B5986}.Debug|Any CPU.ActiveCfg = Debug|Win32
		{9E501EBE-6A1A-4C14-AF42-8D114E7B5986}.Debug|x64.ActiveCfg = Debug|x64
		{9E501EBE-6A1A-4C14-AF42-8D114E7B5986}.Debug|x64.Build.0 = Debug|x64
		{9E501EBE-6A1A-4C14-AF42-8D114E7B5986}.Debug|x86.ActiveCfg = Debug|Win32
		{9E501EBE-6A1A-4C14-AF42-8D114E7B5986}.Debug|x86.Build.0 = Debug|Win32
		{9E501EBE-6A1A-4C14-AF42-8D114E7B5986}.Release|Any CPU.ActiveCfg = Release|Win32
		{9E501EBE-6A1A-4C14-AF42-8D114E7B5986}.Release|x64.ActiveCfg = Release|x64
		{9E501EBE-6A1A-4C14-AF42-8D114E7B5986}.Release|x64.Build.0 = Release|x64
		{9E501EBE-6A1A-4C14-AF42-8D114E7B5986}.Release|x86.ActiveCfg = Release|Win32
		{9E501EBE-6A1A-4C14-AF42-8D114E7B5986}.Release|x86.Build.0 = Release|Win32
		{4B28E236-7C4C-4B36-BF0B-BD1C2187897A}.Debug|Any CPU.ActiveCfg = Debug|Win32
		{4B28E236-7C4C-4B36-BF0B-BD1C2187897A}.Debug|x64.ActiveCfg = Debug|x64
		{4B28E236-7C4C-4B36-BF0B-BD1C2187897A}.Debug|x64.Build.0 = Debug|x64
		{4B28E236-7C4C-4B36-BF0B-BD1C2187897A}.Debug|x86.ActiveCfg = Debug|Win32
		{4B28E236-7C4C-4B36-BF0B-BD1C2187897A}.Debug|x86.Build.0 = Debug|Win32
		{4B28E236-7C4C-4B36-BF0B-BD1C2187897A}.Release|Any CPU.ActiveCfg = Release|Win32
		{4B28E236-7C4C-4B36-BF0B-BD1C2187897A}.Release|x64.ActiveCfg = Release|x64
		{4B28E236-7C4C-4B36-BF0B-BD1C2187897A}.Release|x64.Build.0 = Release|x64
		{4B28E236-7C4C-4B36-BF0B-BD1C2187897A}.Release|x86.ActiveCfg = Release|Win32
		{4B28E236-7C4C-4B36-BF0B-BD1C2187897A}.Release|x86.Build.0 = Release|Win32
		{4A1C1F7C-E5D4-455C-8DEF-7ECFA675E4AB}.Debug|Any CPU.ActiveCfg = Debug|Any CPU
		{4A1C1F7C-E5D4-455C-8DEF-7ECFA675E4AB}.Debug|Any CPU.Build.0 = Debug|Any CPU
		{4A1C1F7C-E5D4-455C-8DEF-7ECFA675E4AB}.Debug|x64.ActiveCfg = Debug|Any CPU
		{4A1C1F7C-E5D4-455C-8DEF-7ECFA675E4AB}.Debug|x64.Build.0 = Debug|Any CPU
		{4A1C1F7C-E5D4-455C-8DEF-7ECFA675E4AB}.Debug|x86.ActiveCfg = Debug|Any CPU
		{4A1C1F7C-E5D4-455C-8DEF-7ECFA675E4AB}.Debug|x86.Build.0 = Debug|Any CPU
		{4A1C1F7C-E5D4-455C-8DEF-7ECFA675E4AB}.Release|Any CPU.ActiveCfg = Release|Any CPU
		{4A1C1F7C-E5D4-455C-8DEF-7ECFA675E4AB}.Release|Any CPU.Build.0 = Release|Any CPU
		{4A1C1F7C-E5D4-455C-8DEF-7ECFA675E4AB}.Release|x64.ActiveCfg = Release|Any CPU
		{4A1C1F7C-E5D4-455C-8DEF-7ECFA675E4AB}.Release|x64.Build.0 = Release|Any CPU
		{4A1C1F7C-E5D4-455C-8DEF-7ECFA675E4AB}.Release|x86.ActiveCfg = Release|Any CPU
		{4A1C1F7C-E5D4-455C-8DEF-7ECFA675E4AB}.Release|x86.Build.0 = Release|Any CPU
		{E5CE463A-F538-4912-8184-99D0609B4D1F}.Debug|Any CPU.ActiveCfg = Debug|Win32
		{E5CE463A-F538-4912-8184-99D0609B4D1F}.Debug|x64.ActiveCfg = Debug|x64
		{E5CE463A-F538-4912-8184-99D0609B4D1F}.Debug|x64.Build.0 = Debug|x64
		{E5CE463A-F538-4912-8184-99D0609B4D1F}.Debug|x86.ActiveCfg = Debug|Win32
		{E5CE463A-F538-4912-8184-99D0609B4D1F}.Debug|x86.Build.0 = Debug|Win32
		{E5CE463A-F538-4912-8184-99D0609B4D1F}.Release|Any CPU.ActiveCfg = Release|Win32
		{E5CE463A-F538-4912-8184-99D0609B4D1F}.Release|x64.ActiveCfg = Release|x64
		{E5CE463A-F538-4912-8184-99D0609B4D1F}.Release|x64.Build.0 = Release|x64
		{E5CE463A-F538-4912-8184-99D0609B4D1F}.Release|x86.ActiveCfg = Release|Win32
		{E5CE463A-F538-4912-8184-99D0609B4D1F}.Release|x86.Build.0 = Release|Win32
		{11F7524E-7A1F-4E9B-9331-99D48EFC7BB6}.Debug|Any CPU.ActiveCfg = Debug|Any CPU
		{11F7524E-7A1F-4E9B-9331-99D48EFC7BB6}.Debug|Any CPU.Build.0 = Debug|Any CPU
		{11F7524E-7A1F-4E9B-9331-99D48EFC7BB6}.Debug|x64.ActiveCfg = Debug|Any CPU
		{11F7524E-7A1F-4E9B-9331-99D48EFC7BB6}.Debug|x64.Build.0 = Debug|Any CPU
		{11F7524E-7A1F-4E9B-9331-99D48EFC7BB6}.Debug|x86.ActiveCfg = Debug|Any CPU
		{11F7524E-7A1F-4E9B-9331-99D48EFC7BB6}.Debug|x86.Build.0 = Debug|Any CPU
		{11F7524E-7A1F-4E9B-9331-99D48EFC7BB6}.Release|Any CPU.ActiveCfg = Release|Any CPU
		{11F7524E-7A1F-4E9B-9331-99D48EFC7BB6}.Release|Any CPU.Build.0 = Release|Any CPU
		{11F7524E-7A1F-4E9B-9331-99D48EFC7BB6}.Release|x64.ActiveCfg = Release|Any CPU
		{11F7524E-7A1F-4E9B-9331-99D48EFC7BB6}.Release|x64.Build.0 = Release|Any CPU
		{11F7524E-7A1F-4E9B-9331-99D48EFC7BB6}.Release|x86.ActiveCfg = Release|Any CPU
		{11F7524E-7A1F-4E9B-9331-99D48EFC7BB6}.Release|x86.Build.0 = Release|Any CPU
		{AA4FBB94-E02D-47E9-B481-8A5A489389ED}.Debug|Any CPU.ActiveCfg = Debug|Any CPU
		{AA4FBB94-E02D-47E9-B481-8A5A489389ED}.Debug|Any CPU.Build.0 = Debug|Any CPU
		{AA4FBB94-E02D-47E9-B481-8A5A489389ED}.Debug|x64.ActiveCfg = Debug|Any CPU
		{AA4FBB94-E02D-47E9-B481-8A5A489389ED}.Debug|x64.Build.0 = Debug|Any CPU
		{AA4FBB94-E02D-47E9-B481-8A5A489389ED}.Debug|x86.ActiveCfg = Debug|Any CPU
		{AA4FBB94-E02D-47E9-B481-8A5A489389ED}.Debug|x86.Build.0 = Debug|Any CPU
		{AA4FBB94-E02D-47E9-B481-8A5A489389ED}.Release|Any CPU.ActiveCfg = Release|Any CPU
		{AA4FBB94-E02D-47E9-B481-8A5A489389ED}.Release|Any CPU.Build.0 = Release|Any CPU
		{AA4FBB94-E02D-47E9-B481-8A5A489389ED}.Release|x64.ActiveCfg = Release|Any CPU
		{AA4FBB94-E02D-47E9-B481-8A5A489389ED}.Release|x64.Build.0 = Release|Any CPU
		{AA4FBB94-E02D-47E9-B481-8A5A489389ED}.Release|x86.ActiveCfg = Release|Any CPU
		{AA4FBB94-E02D-47E9-B481-8A5A489389ED}.Release|x86.Build.0 = Release|Any CPU
		{67186143-07CC-44D3-B2E5-E9D36934FF66}.Debug|Any CPU.ActiveCfg = Debug|Win32
		{67186143-07CC-44D3-B2E5-E9D36934FF66}.Debug|x64.ActiveCfg = Debug|x64
		{67186143-07CC-44D3-B2E5-E9D36934FF66}.Debug|x64.Build.0 = Debug|x64
		{67186143-07CC-44D3-B2E5-E9D36934FF66}.Debug|x86.ActiveCfg = Debug|Win32
		{67186143-07CC-44D3-B2E5-E9D36934FF66}.Debug|x86.Build.0 = Debug|Win32
		{67186143-07CC-44D3-B2E5-E9D36934FF66}.Release|Any CPU.ActiveCfg = Release|Win32
		{67186143-07CC-44D3-B2E5-E9D36934FF66}.Release|x64.ActiveCfg = Release|x64
		{67186143-07CC-44D3-B2E5-E9D36934FF66}.Release|x64.Build.0 = Release|x64
		{67186143-07CC-44D3-B2E5-E9D36934FF66}.Release|x86.ActiveCfg = Release|Win32
		{67186143-07CC-44D3-B2E5-E9D36934FF66}.Release|x86.Build.0 = Release|Win32
		{8063E92A-4F80-4EE3-AB43-96BFD78EEC87}.Debug|Any CPU.ActiveCfg = Debug|Win32
		{8063E92A-4F80-4EE3-AB43-96BFD78EEC87}.Debug|x64.ActiveCfg = Debug|x64
		{8063E92A-4F80-4EE3-AB43-96BFD78EEC87}.Debug|x64.Build.0 = Debug|x64
		{8063E92A-4F80-4EE3-AB43-96BFD78EEC87}.Debug|x86.ActiveCfg = Debug|Win32
		{8063E92A-4F80-4EE3-AB43-96BFD78EEC87}.Debug|x86.Build.0 = Debug|Win32
		{8063E92A-4F80-4EE3-AB43-96BFD78EEC87}.Release|Any CPU.ActiveCfg = Release|Win32
		{8063E92A-4F80-4EE3-AB43-96BFD78EEC87}.Release|x64.ActiveCfg = Release|x64
		{8063E92A-4F80-4EE3-AB43-96BFD78EEC87}.Release|x64.Build.0 = Release|x64
		{8063E92A-4F80-4EE3-AB43-96BFD78EEC87}.Release|x86.ActiveCfg = Release|Win32
		{8063E92A-4F80-4EE3-AB43-96BFD78EEC87}.Release|x86.Build.0 = Release|Win32
		{1BC05406-0412-43FF-95E4-FA851075D33E}.Debug|Any CPU.ActiveCfg = Debug|Any CPU
		{1BC05406-0412-43FF-95E4-FA851075D33E}.Debug|Any CPU.Build.0 = Debug|Any CPU
		{1BC05406-0412-43FF-95E4-FA851075D33E}.Debug|x64.ActiveCfg = Debug|Any CPU
		{1BC05406-0412-43FF-95E4-FA851075D33E}.Debug|x64.Build.0 = Debug|Any CPU
		{1BC05406-0412-43FF-95E4-FA851075D33E}.Debug|x86.ActiveCfg = Debug|Any CPU
		{1BC05406-0412-43FF-95E4-FA851075D33E}.Debug|x86.Build.0 = Debug|Any CPU
		{1BC05406-0412-43FF-95E4-FA851075D33E}.Release|Any CPU.ActiveCfg = Release|Any CPU
		{1BC05406-0412-43FF-95E4-FA851075D33E}.Release|Any CPU.Build.0 = Release|Any CPU
		{1BC05406-0412-43FF-95E4-FA851075D33E}.Release|x64.ActiveCfg = Release|Any CPU
		{1BC05406-0412-43FF-95E4-FA851075D33E}.Release|x64.Build.0 = Release|Any CPU
		{1BC05406-0412-43FF-95E4-FA851075D33E}.Release|x86.ActiveCfg = Release|Any CPU
		{1BC05406-0412-43FF-95E4-FA851075D33E}.Release|x86.Build.0 = Release|Any CPU
	EndGlobalSection
	GlobalSection(SolutionProperties) = preSolution
		HideSolutionNode = FALSE
	EndGlobalSection
	GlobalSection(ExtensibilityGlobals) = postSolution
		SolutionGuid = {CEB3781A-CB5C-4481-B8B0-2370675EA72C}
	EndGlobalSection
EndGlobal
