
Microsoft Visual Studio Solution File, Format Version 12.00
# Visual Studio Version 16
VisualStudioVersion = 16.0.29509.3
MinimumVisualStudioVersion = 10.0.40219.1
Project("{8BC9CEB8-8B4A-11D0-8D11-00A0C91BC942}") = "Zadatak_2", "Zadatak_2\Zadatak_2.vcxproj", "{22828D90-D06D-4FF2-A372-346683EC6897}"
EndProject
Project("{8BC9CEB8-8B4A-11D0-8D11-00A0C91BC942}") = "Zadatak_3", "Zadatak_3\Zadatak_3.vcxproj", "{CC4EECB8-8939-4B02-82E3-2F663C133245}"
EndProject
Project("{8BC9CEB8-8B4A-11D0-8D11-00A0C91BC942}") = "Zadatak_4", "Zadatak_4\Zadatak_4.vcxproj", "{29A8AA6F-9F63-4BA2-897E-CB5308A182B7}"
EndProject
Project("{8BC9CEB8-8B4A-11D0-8D11-00A0C91BC942}") = "Zadatak_5", "Zadatak_5\Zadatak_5.vcxproj", "{0C3E322A-6C81-4DE3-8011-60CF3366475B}"
EndProject
Project("{8BC9CEB8-8B4A-11D0-8D11-00A0C91BC942}") = "Zadatak_6", "Zadatak_6\Zadatak_6.vcxproj", "{81F66949-F3AE-4FE7-889E-7FF9EB15E623}"
EndProject
Project("{8BC9CEB8-8B4A-11D0-8D11-00A0C91BC942}") = "Zadatak_7", "Zadatak_7\Zadatak_7.vcxproj", "{21FE9FDA-8D4F-4131-9112-9A9D01011F0D}"
EndProject
Project("{8BC9CEB8-8B4A-11D0-8D11-00A0C91BC942}") = "Zadatak_8", "Zadatak_8\Zadatak_8.vcxproj", "{469081AE-114C-49EA-8AF9-B47211B56994}"
EndProject
Project("{FAE04EC0-301F-11D3-BF4B-00C04F79EFBC}") = "Zadatak_10", "Zadatak_10\Zadatak_10.csproj", "{37C26468-B155-4807-BF5D-348B20C03C2E}"
EndProject
Project("{FAE04EC0-301F-11D3-BF4B-00C04F79EFBC}") = "Zadatak_9", "Zadatak_9\Zadatak_9.csproj", "{B9369A22-E969-410C-9798-CE04EDE10A1B}"
EndProject
Project("{8BC9CEB8-8B4A-11D0-8D11-00A0C91BC942}") = "Zadatak_1", "Zadatak_1\OsnoveProgramiranjaLV3.vcxproj", "{5912B2FA-7873-4A65-A931-333929B01AE4}"
EndProject
Global
	GlobalSection(SolutionConfigurationPlatforms) = preSolution
		Debug|Any CPU = Debug|Any CPU
		Debug|x64 = Debug|x64
		Debug|x86 = Debug|x86
		Release|Any CPU = Release|Any CPU
		Release|x64 = Release|x64
		Release|x86 = Release|x86
	EndGlobalSection
	GlobalSection(ProjectConfigurationPlatforms) = postSolution
		{22828D90-D06D-4FF2-A372-346683EC6897}.Debug|Any CPU.ActiveCfg = Debug|Win32
		{22828D90-D06D-4FF2-A372-346683EC6897}.Debug|x64.ActiveCfg = Debug|x64
		{22828D90-D06D-4FF2-A372-346683EC6897}.Debug|x64.Build.0 = Debug|x64
		{22828D90-D06D-4FF2-A372-346683EC6897}.Debug|x86.ActiveCfg = Debug|Win32
		{22828D90-D06D-4FF2-A372-346683EC6897}.Debug|x86.Build.0 = Debug|Win32
		{22828D90-D06D-4FF2-A372-346683EC6897}.Release|Any CPU.ActiveCfg = Release|Win32
		{22828D90-D06D-4FF2-A372-346683EC6897}.Release|x64.ActiveCfg = Release|x64
		{22828D90-D06D-4FF2-A372-346683EC6897}.Release|x64.Build.0 = Release|x64
		{22828D90-D06D-4FF2-A372-346683EC6897}.Release|x86.ActiveCfg = Release|Win32
		{22828D90-D06D-4FF2-A372-346683EC6897}.Release|x86.Build.0 = Release|Win32
		{CC4EECB8-8939-4B02-82E3-2F663C133245}.Debug|Any CPU.ActiveCfg = Debug|Win32
		{CC4EECB8-8939-4B02-82E3-2F663C133245}.Debug|x64.ActiveCfg = Debug|x64
		{CC4EECB8-8939-4B02-82E3-2F663C133245}.Debug|x64.Build.0 = Debug|x64
		{CC4EECB8-8939-4B02-82E3-2F663C133245}.Debug|x86.ActiveCfg = Debug|Win32
		{CC4EECB8-8939-4B02-82E3-2F663C133245}.Debug|x86.Build.0 = Debug|Win32
		{CC4EECB8-8939-4B02-82E3-2F663C133245}.Release|Any CPU.ActiveCfg = Release|Win32
		{CC4EECB8-8939-4B02-82E3-2F663C133245}.Release|x64.ActiveCfg = Release|x64
		{CC4EECB8-8939-4B02-82E3-2F663C133245}.Release|x64.Build.0 = Release|x64
		{CC4EECB8-8939-4B02-82E3-2F663C133245}.Release|x86.ActiveCfg = Release|Win32
		{CC4EECB8-8939-4B02-82E3-2F663C133245}.Release|x86.Build.0 = Release|Win32
		{29A8AA6F-9F63-4BA2-897E-CB5308A182B7}.Debug|Any CPU.ActiveCfg = Debug|Win32
		{29A8AA6F-9F63-4BA2-897E-CB5308A182B7}.Debug|x64.ActiveCfg = Debug|x64
		{29A8AA6F-9F63-4BA2-897E-CB5308A182B7}.Debug|x64.Build.0 = Debug|x64
		{29A8AA6F-9F63-4BA2-897E-CB5308A182B7}.Debug|x86.ActiveCfg = Debug|Win32
		{29A8AA6F-9F63-4BA2-897E-CB5308A182B7}.Debug|x86.Build.0 = Debug|Win32
		{29A8AA6F-9F63-4BA2-897E-CB5308A182B7}.Release|Any CPU.ActiveCfg = Release|Win32
		{29A8AA6F-9F63-4BA2-897E-CB5308A182B7}.Release|x64.ActiveCfg = Release|x64
		{29A8AA6F-9F63-4BA2-897E-CB5308A182B7}.Release|x64.Build.0 = Release|x64
		{29A8AA6F-9F63-4BA2-897E-CB5308A182B7}.Release|x86.ActiveCfg = Release|Win32
		{29A8AA6F-9F63-4BA2-897E-CB5308A182B7}.Release|x86.Build.0 = Release|Win32
		{0C3E322A-6C81-4DE3-8011-60CF3366475B}.Debug|Any CPU.ActiveCfg = Debug|Win32
		{0C3E322A-6C81-4DE3-8011-60CF3366475B}.Debug|x64.ActiveCfg = Debug|x64
		{0C3E322A-6C81-4DE3-8011-60CF3366475B}.Debug|x64.Build.0 = Debug|x64
		{0C3E322A-6C81-4DE3-8011-60CF3366475B}.Debug|x86.ActiveCfg = Debug|Win32
		{0C3E322A-6C81-4DE3-8011-60CF3366475B}.Debug|x86.Build.0 = Debug|Win32
		{0C3E322A-6C81-4DE3-8011-60CF3366475B}.Release|Any CPU.ActiveCfg = Release|Win32
		{0C3E322A-6C81-4DE3-8011-60CF3366475B}.Release|x64.ActiveCfg = Release|x64
		{0C3E322A-6C81-4DE3-8011-60CF3366475B}.Release|x64.Build.0 = Release|x64
		{0C3E322A-6C81-4DE3-8011-60CF3366475B}.Release|x86.ActiveCfg = Release|Win32
		{0C3E322A-6C81-4DE3-8011-60CF3366475B}.Release|x86.Build.0 = Release|Win32
		{81F66949-F3AE-4FE7-889E-7FF9EB15E623}.Debug|Any CPU.ActiveCfg = Debug|Win32
		{81F66949-F3AE-4FE7-889E-7FF9EB15E623}.Debug|x64.ActiveCfg = Debug|x64
		{81F66949-F3AE-4FE7-889E-7FF9EB15E623}.Debug|x64.Build.0 = Debug|x64
		{81F66949-F3AE-4FE7-889E-7FF9EB15E623}.Debug|x86.ActiveCfg = Debug|Win32
		{81F66949-F3AE-4FE7-889E-7FF9EB15E623}.Debug|x86.Build.0 = Debug|Win32
		{81F66949-F3AE-4FE7-889E-7FF9EB15E623}.Release|Any CPU.ActiveCfg = Release|Win32
		{81F66949-F3AE-4FE7-889E-7FF9EB15E623}.Release|x64.ActiveCfg = Release|x64
		{81F66949-F3AE-4FE7-889E-7FF9EB15E623}.Release|x64.Build.0 = Release|x64
		{81F66949-F3AE-4FE7-889E-7FF9EB15E623}.Release|x86.ActiveCfg = Release|Win32
		{81F66949-F3AE-4FE7-889E-7FF9EB15E623}.Release|x86.Build.0 = Release|Win32
		{21FE9FDA-8D4F-4131-9112-9A9D01011F0D}.Debug|Any CPU.ActiveCfg = Debug|Win32
		{21FE9FDA-8D4F-4131-9112-9A9D01011F0D}.Debug|x64.ActiveCfg = Debug|x64
		{21FE9FDA-8D4F-4131-9112-9A9D01011F0D}.Debug|x64.Build.0 = Debug|x64
		{21FE9FDA-8D4F-4131-9112-9A9D01011F0D}.Debug|x86.ActiveCfg = Debug|Win32
		{21FE9FDA-8D4F-4131-9112-9A9D01011F0D}.Debug|x86.Build.0 = Debug|Win32
		{21FE9FDA-8D4F-4131-9112-9A9D01011F0D}.Release|Any CPU.ActiveCfg = Release|Win32
		{21FE9FDA-8D4F-4131-9112-9A9D01011F0D}.Release|x64.ActiveCfg = Release|x64
		{21FE9FDA-8D4F-4131-9112-9A9D01011F0D}.Release|x64.Build.0 = Release|x64
		{21FE9FDA-8D4F-4131-9112-9A9D01011F0D}.Release|x86.ActiveCfg = Release|Win32
		{21FE9FDA-8D4F-4131-9112-9A9D01011F0D}.Release|x86.Build.0 = Release|Win32
		{469081AE-114C-49EA-8AF9-B47211B56994}.Debug|Any CPU.ActiveCfg = Debug|Win32
		{469081AE-114C-49EA-8AF9-B47211B56994}.Debug|x64.ActiveCfg = Debug|x64
		{469081AE-114C-49EA-8AF9-B47211B56994}.Debug|x64.Build.0 = Debug|x64
		{469081AE-114C-49EA-8AF9-B47211B56994}.Debug|x86.ActiveCfg = Debug|Win32
		{469081AE-114C-49EA-8AF9-B47211B56994}.Debug|x86.Build.0 = Debug|Win32
		{469081AE-114C-49EA-8AF9-B47211B56994}.Release|Any CPU.ActiveCfg = Release|Win32
		{469081AE-114C-49EA-8AF9-B47211B56994}.Release|x64.ActiveCfg = Release|x64
		{469081AE-114C-49EA-8AF9-B47211B56994}.Release|x64.Build.0 = Release|x64
		{469081AE-114C-49EA-8AF9-B47211B56994}.Release|x86.ActiveCfg = Release|Win32
		{469081AE-114C-49EA-8AF9-B47211B56994}.Release|x86.Build.0 = Release|Win32
		{37C26468-B155-4807-BF5D-348B20C03C2E}.Debug|Any CPU.ActiveCfg = Debug|Any CPU
		{37C26468-B155-4807-BF5D-348B20C03C2E}.Debug|Any CPU.Build.0 = Debug|Any CPU
		{37C26468-B155-4807-BF5D-348B20C03C2E}.Debug|x64.ActiveCfg = Debug|Any CPU
		{37C26468-B155-4807-BF5D-348B20C03C2E}.Debug|x64.Build.0 = Debug|Any CPU
		{37C26468-B155-4807-BF5D-348B20C03C2E}.Debug|x86.ActiveCfg = Debug|Any CPU
		{37C26468-B155-4807-BF5D-348B20C03C2E}.Debug|x86.Build.0 = Debug|Any CPU
		{37C26468-B155-4807-BF5D-348B20C03C2E}.Release|Any CPU.ActiveCfg = Release|Any CPU
		{37C26468-B155-4807-BF5D-348B20C03C2E}.Release|Any CPU.Build.0 = Release|Any CPU
		{37C26468-B155-4807-BF5D-348B20C03C2E}.Release|x64.ActiveCfg = Release|Any CPU
		{37C26468-B155-4807-BF5D-348B20C03C2E}.Release|x64.Build.0 = Release|Any CPU
		{37C26468-B155-4807-BF5D-348B20C03C2E}.Release|x86.ActiveCfg = Release|Any CPU
		{37C26468-B155-4807-BF5D-348B20C03C2E}.Release|x86.Build.0 = Release|Any CPU
		{B9369A22-E969-410C-9798-CE04EDE10A1B}.Debug|Any CPU.ActiveCfg = Debug|Any CPU
		{B9369A22-E969-410C-9798-CE04EDE10A1B}.Debug|Any CPU.Build.0 = Debug|Any CPU
		{B9369A22-E969-410C-9798-CE04EDE10A1B}.Debug|x64.ActiveCfg = Debug|Any CPU
		{B9369A22-E969-410C-9798-CE04EDE10A1B}.Debug|x64.Build.0 = Debug|Any CPU
		{B9369A22-E969-410C-9798-CE04EDE10A1B}.Debug|x86.ActiveCfg = Debug|Any CPU
		{B9369A22-E969-410C-9798-CE04EDE10A1B}.Debug|x86.Build.0 = Debug|Any CPU
		{B9369A22-E969-410C-9798-CE04EDE10A1B}.Release|Any CPU.ActiveCfg = Release|Any CPU
		{B9369A22-E969-410C-9798-CE04EDE10A1B}.Release|Any CPU.Build.0 = Release|Any CPU
		{B9369A22-E969-410C-9798-CE04EDE10A1B}.Release|x64.ActiveCfg = Release|Any CPU
		{B9369A22-E969-410C-9798-CE04EDE10A1B}.Release|x64.Build.0 = Release|Any CPU
		{B9369A22-E969-410C-9798-CE04EDE10A1B}.Release|x86.ActiveCfg = Release|Any CPU
		{B9369A22-E969-410C-9798-CE04EDE10A1B}.Release|x86.Build.0 = Release|Any CPU
		{5912B2FA-7873-4A65-A931-333929B01AE4}.Debug|Any CPU.ActiveCfg = Debug|Win32
		{5912B2FA-7873-4A65-A931-333929B01AE4}.Debug|x64.ActiveCfg = Debug|x64
		{5912B2FA-7873-4A65-A931-333929B01AE4}.Debug|x64.Build.0 = Debug|x64
		{5912B2FA-7873-4A65-A931-333929B01AE4}.Debug|x86.ActiveCfg = Debug|Win32
		{5912B2FA-7873-4A65-A931-333929B01AE4}.Debug|x86.Build.0 = Debug|Win32
		{5912B2FA-7873-4A65-A931-333929B01AE4}.Release|Any CPU.ActiveCfg = Release|Win32
		{5912B2FA-7873-4A65-A931-333929B01AE4}.Release|x64.ActiveCfg = Release|x64
		{5912B2FA-7873-4A65-A931-333929B01AE4}.Release|x64.Build.0 = Release|x64
		{5912B2FA-7873-4A65-A931-333929B01AE4}.Release|x86.ActiveCfg = Release|Win32
		{5912B2FA-7873-4A65-A931-333929B01AE4}.Release|x86.Build.0 = Release|Win32
	EndGlobalSection
	GlobalSection(SolutionProperties) = preSolution
		HideSolutionNode = FALSE
	EndGlobalSection
	GlobalSection(ExtensibilityGlobals) = postSolution
		SolutionGuid = {41C569C7-D8B0-4871-A53C-0B0C4EB1FB70}
	EndGlobalSection
EndGlobal
