
Microsoft Visual Studio Solution File, Format Version 12.00
# Visual Studio Version 16
VisualStudioVersion = 16.0.29509.3
MinimumVisualStudioVersion = 10.0.40219.1
Project("{8BC9CEB8-8B4A-11D0-8D11-00A0C91BC942}") = "Zadatak_1", "Zadatak_1\Zadatak_1.vcxproj", "{7ED97840-63BB-4616-BD6F-C0A3E41418A9}"
EndProject
Project("{8BC9CEB8-8B4A-11D0-8D11-00A0C91BC942}") = "Zadatak_6", "Zadatak_6\Zadatak_6.vcxproj", "{E5E28812-0FC1-42B3-BB37-3E2611F09359}"
EndProject
Project("{FAE04EC0-301F-11D3-BF4B-00C04F79EFBC}") = "Zadatak_4_2", "Zadatak_4_2\Zadatak_4_2.csproj", "{E7685DCB-1CBC-4665-AFA5-CC6DDE4A6768}"
EndProject
Project("{8BC9CEB8-8B4A-11D0-8D11-00A0C91BC942}") = "Zadatak_7", "Zadatak_7\Zadatak_7.vcxproj", "{8F4D59A1-B9F3-413C-9862-C19928FEC7D4}"
EndProject
Project("{FAE04EC0-301F-11D3-BF4B-00C04F79EFBC}") = "Zadatak_9", "Zadatak_9\Zadatak_9.csproj", "{0A184180-6829-43BB-AEBD-876BADB9299F}"
EndProject
Project("{8BC9CEB8-8B4A-11D0-8D11-00A0C91BC942}") = "Zadatak_2", "Zadatak_2\Zadatak_2.vcxproj", "{E1ACDC3A-1B98-4744-B822-BFDAC8AF6B5B}"
EndProject
Project("{FAE04EC0-301F-11D3-BF4B-00C04F79EFBC}") = "Zadatak_3", "Zadatak_3\Zadatak_3.csproj", "{0DCF2550-D53A-4A00-B9C1-37F6F3DDFB7F}"
EndProject
Project("{FAE04EC0-301F-11D3-BF4B-00C04F79EFBC}") = "Zadatak_5_2", "Zadatak_5_2\Zadatak_5_2.csproj", "{06CA3881-9BE6-4490-9D9A-E568E3E99E26}"
EndProject
Project("{FAE04EC0-301F-11D3-BF4B-00C04F79EFBC}") = "Zadatak_10", "Zadatak_10\Zadatak_10.csproj", "{7C8969EB-CDC0-4740-A919-7D7D4ED1E7A1}"
EndProject
Project("{8BC9CEB8-8B4A-11D0-8D11-00A0C91BC942}") = "Zadatak_8", "Zadatak_8\Zadatak_8.vcxproj", "{887A0AF9-2D55-4FFC-A69C-FA7940A9FC22}"
EndProject
Project("{8BC9CEB8-8B4A-11D0-8D11-00A0C91BC942}") = "Zadatak_4_1", "Zadatak_4_1\Zadatak_4_1.vcxproj", "{4FA50AE4-AB2E-40EC-A64A-9846E7CA0B6B}"
EndProject
Project("{8BC9CEB8-8B4A-11D0-8D11-00A0C91BC942}") = "Zadatak_5_1", "Zadatak_5_1\Zadatak_5_1.vcxproj", "{06027545-20FF-49F2-85CB-04777D8DC165}"
EndProject
Global
	GlobalSection(SolutionConfigurationPlatforms) = preSolution
		Debug|Any CPU = Debug|Any CPU
		Debug|x64 = Debug|x64
		Debug|x86 = Debug|x86
		Release|Any CPU = Release|Any CPU
		Release|x64 = Release|x64
		Release|x86 = Release|x86
	EndGlobalSection
	GlobalSection(ProjectConfigurationPlatforms) = postSolution
		{7ED97840-63BB-4616-BD6F-C0A3E41418A9}.Debug|Any CPU.ActiveCfg = Debug|Win32
		{7ED97840-63BB-4616-BD6F-C0A3E41418A9}.Debug|x64.ActiveCfg = Debug|x64
		{7ED97840-63BB-4616-BD6F-C0A3E41418A9}.Debug|x64.Build.0 = Debug|x64
		{7ED97840-63BB-4616-BD6F-C0A3E41418A9}.Debug|x86.ActiveCfg = Debug|Win32
		{7ED97840-63BB-4616-BD6F-C0A3E41418A9}.Debug|x86.Build.0 = Debug|Win32
		{7ED97840-63BB-4616-BD6F-C0A3E41418A9}.Release|Any CPU.ActiveCfg = Release|Win32
		{7ED97840-63BB-4616-BD6F-C0A3E41418A9}.Release|x64.ActiveCfg = Release|x64
		{7ED97840-63BB-4616-BD6F-C0A3E41418A9}.Release|x64.Build.0 = Release|x64
		{7ED97840-63BB-4616-BD6F-C0A3E41418A9}.Release|x86.ActiveCfg = Release|Win32
		{7ED97840-63BB-4616-BD6F-C0A3E41418A9}.Release|x86.Build.0 = Release|Win32
		{E5E28812-0FC1-42B3-BB37-3E2611F09359}.Debug|Any CPU.ActiveCfg = Debug|Win32
		{E5E28812-0FC1-42B3-BB37-3E2611F09359}.Debug|x64.ActiveCfg = Debug|x64
		{E5E28812-0FC1-42B3-BB37-3E2611F09359}.Debug|x64.Build.0 = Debug|x64
		{E5E28812-0FC1-42B3-BB37-3E2611F09359}.Debug|x86.ActiveCfg = Debug|Win32
		{E5E28812-0FC1-42B3-BB37-3E2611F09359}.Debug|x86.Build.0 = Debug|Win32
		{E5E28812-0FC1-42B3-BB37-3E2611F09359}.Release|Any CPU.ActiveCfg = Release|Win32
		{E5E28812-0FC1-42B3-BB37-3E2611F09359}.Release|x64.ActiveCfg = Release|x64
		{E5E28812-0FC1-42B3-BB37-3E2611F09359}.Release|x64.Build.0 = Release|x64
		{E5E28812-0FC1-42B3-BB37-3E2611F09359}.Release|x86.ActiveCfg = Release|Win32
		{E5E28812-0FC1-42B3-BB37-3E2611F09359}.Release|x86.Build.0 = Release|Win32
		{E7685DCB-1CBC-4665-AFA5-CC6DDE4A6768}.Debug|Any CPU.ActiveCfg = Debug|Any CPU
		{E7685DCB-1CBC-4665-AFA5-CC6DDE4A6768}.Debug|Any CPU.Build.0 = Debug|Any CPU
		{E7685DCB-1CBC-4665-AFA5-CC6DDE4A6768}.Debug|x64.ActiveCfg = Debug|Any CPU
		{E7685DCB-1CBC-4665-AFA5-CC6DDE4A6768}.Debug|x64.Build.0 = Debug|Any CPU
		{E7685DCB-1CBC-4665-AFA5-CC6DDE4A6768}.Debug|x86.ActiveCfg = Debug|Any CPU
		{E7685DCB-1CBC-4665-AFA5-CC6DDE4A6768}.Debug|x86.Build.0 = Debug|Any CPU
		{E7685DCB-1CBC-4665-AFA5-CC6DDE4A6768}.Release|Any CPU.ActiveCfg = Release|Any CPU
		{E7685DCB-1CBC-4665-AFA5-CC6DDE4A6768}.Release|Any CPU.Build.0 = Release|Any CPU
		{E7685DCB-1CBC-4665-AFA5-CC6DDE4A6768}.Release|x64.ActiveCfg = Release|Any CPU
		{E7685DCB-1CBC-4665-AFA5-CC6DDE4A6768}.Release|x64.Build.0 = Release|Any CPU
		{E7685DCB-1CBC-4665-AFA5-CC6DDE4A6768}.Release|x86.ActiveCfg = Release|Any CPU
		{E7685DCB-1CBC-4665-AFA5-CC6DDE4A6768}.Release|x86.Build.0 = Release|Any CPU
		{8F4D59A1-B9F3-413C-9862-C19928FEC7D4}.Debug|Any CPU.ActiveCfg = Debug|Win32
		{8F4D59A1-B9F3-413C-9862-C19928FEC7D4}.Debug|x64.ActiveCfg = Debug|x64
		{8F4D59A1-B9F3-413C-9862-C19928FEC7D4}.Debug|x64.Build.0 = Debug|x64
		{8F4D59A1-B9F3-413C-9862-C19928FEC7D4}.Debug|x86.ActiveCfg = Debug|Win32
		{8F4D59A1-B9F3-413C-9862-C19928FEC7D4}.Debug|x86.Build.0 = Debug|Win32
		{8F4D59A1-B9F3-413C-9862-C19928FEC7D4}.Release|Any CPU.ActiveCfg = Release|Win32
		{8F4D59A1-B9F3-413C-9862-C19928FEC7D4}.Release|x64.ActiveCfg = Release|x64
		{8F4D59A1-B9F3-413C-9862-C19928FEC7D4}.Release|x64.Build.0 = Release|x64
		{8F4D59A1-B9F3-413C-9862-C19928FEC7D4}.Release|x86.ActiveCfg = Release|Win32
		{8F4D59A1-B9F3-413C-9862-C19928FEC7D4}.Release|x86.Build.0 = Release|Win32
		{0A184180-6829-43BB-AEBD-876BADB9299F}.Debug|Any CPU.ActiveCfg = Debug|Any CPU
		{0A184180-6829-43BB-AEBD-876BADB9299F}.Debug|Any CPU.Build.0 = Debug|Any CPU
		{0A184180-6829-43BB-AEBD-876BADB9299F}.Debug|x64.ActiveCfg = Debug|Any CPU
		{0A184180-6829-43BB-AEBD-876BADB9299F}.Debug|x64.Build.0 = Debug|Any CPU
		{0A184180-6829-43BB-AEBD-876BADB9299F}.Debug|x86.ActiveCfg = Debug|Any CPU
		{0A184180-6829-43BB-AEBD-876BADB9299F}.Debug|x86.Build.0 = Debug|Any CPU
		{0A184180-6829-43BB-AEBD-876BADB9299F}.Release|Any CPU.ActiveCfg = Release|Any CPU
		{0A184180-6829-43BB-AEBD-876BADB9299F}.Release|Any CPU.Build.0 = Release|Any CPU
		{0A184180-6829-43BB-AEBD-876BADB9299F}.Release|x64.ActiveCfg = Release|Any CPU
		{0A184180-6829-43BB-AEBD-876BADB9299F}.Release|x64.Build.0 = Release|Any CPU
		{0A184180-6829-43BB-AEBD-876BADB9299F}.Release|x86.ActiveCfg = Release|Any CPU
		{0A184180-6829-43BB-AEBD-876BADB9299F}.Release|x86.Build.0 = Release|Any CPU
		{E1ACDC3A-1B98-4744-B822-BFDAC8AF6B5B}.Debug|Any CPU.ActiveCfg = Debug|Win32
		{E1ACDC3A-1B98-4744-B822-BFDAC8AF6B5B}.Debug|x64.ActiveCfg = Debug|x64
		{E1ACDC3A-1B98-4744-B822-BFDAC8AF6B5B}.Debug|x64.Build.0 = Debug|x64
		{E1ACDC3A-1B98-4744-B822-BFDAC8AF6B5B}.Debug|x86.ActiveCfg = Debug|Win32
		{E1ACDC3A-1B98-4744-B822-BFDAC8AF6B5B}.Debug|x86.Build.0 = Debug|Win32
		{E1ACDC3A-1B98-4744-B822-BFDAC8AF6B5B}.Release|Any CPU.ActiveCfg = Release|Win32
		{E1ACDC3A-1B98-4744-B822-BFDAC8AF6B5B}.Release|x64.ActiveCfg = Release|x64
		{E1ACDC3A-1B98-4744-B822-BFDAC8AF6B5B}.Release|x64.Build.0 = Release|x64
		{E1ACDC3A-1B98-4744-B822-BFDAC8AF6B5B}.Release|x86.ActiveCfg = Release|Win32
		{E1ACDC3A-1B98-4744-B822-BFDAC8AF6B5B}.Release|x86.Build.0 = Release|Win32
		{0DCF2550-D53A-4A00-B9C1-37F6F3DDFB7F}.Debug|Any CPU.ActiveCfg = Debug|Any CPU
		{0DCF2550-D53A-4A00-B9C1-37F6F3DDFB7F}.Debug|Any CPU.Build.0 = Debug|Any CPU
		{0DCF2550-D53A-4A00-B9C1-37F6F3DDFB7F}.Debug|x64.ActiveCfg = Debug|Any CPU
		{0DCF2550-D53A-4A00-B9C1-37F6F3DDFB7F}.Debug|x64.Build.0 = Debug|Any CPU
		{0DCF2550-D53A-4A00-B9C1-37F6F3DDFB7F}.Debug|x86.ActiveCfg = Debug|Any CPU
		{0DCF2550-D53A-4A00-B9C1-37F6F3DDFB7F}.Debug|x86.Build.0 = Debug|Any CPU
		{0DCF2550-D53A-4A00-B9C1-37F6F3DDFB7F}.Release|Any CPU.ActiveCfg = Release|Any CPU
		{0DCF2550-D53A-4A00-B9C1-37F6F3DDFB7F}.Release|Any CPU.Build.0 = Release|Any CPU
		{0DCF2550-D53A-4A00-B9C1-37F6F3DDFB7F}.Release|x64.ActiveCfg = Release|Any CPU
		{0DCF2550-D53A-4A00-B9C1-37F6F3DDFB7F}.Release|x64.Build.0 = Release|Any CPU
		{0DCF2550-D53A-4A00-B9C1-37F6F3DDFB7F}.Release|x86.ActiveCfg = Release|Any CPU
		{0DCF2550-D53A-4A00-B9C1-37F6F3DDFB7F}.Release|x86.Build.0 = Release|Any CPU
		{06CA3881-9BE6-4490-9D9A-E568E3E99E26}.Debug|Any CPU.ActiveCfg = Debug|Any CPU
		{06CA3881-9BE6-4490-9D9A-E568E3E99E26}.Debug|Any CPU.Build.0 = Debug|Any CPU
		{06CA3881-9BE6-4490-9D9A-E568E3E99E26}.Debug|x64.ActiveCfg = Debug|Any CPU
		{06CA3881-9BE6-4490-9D9A-E568E3E99E26}.Debug|x64.Build.0 = Debug|Any CPU
		{06CA3881-9BE6-4490-9D9A-E568E3E99E26}.Debug|x86.ActiveCfg = Debug|Any CPU
		{06CA3881-9BE6-4490-9D9A-E568E3E99E26}.Debug|x86.Build.0 = Debug|Any CPU
		{06CA3881-9BE6-4490-9D9A-E568E3E99E26}.Release|Any CPU.ActiveCfg = Release|Any CPU
		{06CA3881-9BE6-4490-9D9A-E568E3E99E26}.Release|Any CPU.Build.0 = Release|Any CPU
		{06CA3881-9BE6-4490-9D9A-E568E3E99E26}.Release|x64.ActiveCfg = Release|Any CPU
		{06CA3881-9BE6-4490-9D9A-E568E3E99E26}.Release|x64.Build.0 = Release|Any CPU
		{06CA3881-9BE6-4490-9D9A-E568E3E99E26}.Release|x86.ActiveCfg = Release|Any CPU
		{06CA3881-9BE6-4490-9D9A-E568E3E99E26}.Release|x86.Build.0 = Release|Any CPU
		{7C8969EB-CDC0-4740-A919-7D7D4ED1E7A1}.Debug|Any CPU.ActiveCfg = Debug|Any CPU
		{7C8969EB-CDC0-4740-A919-7D7D4ED1E7A1}.Debug|Any CPU.Build.0 = Debug|Any CPU
		{7C8969EB-CDC0-4740-A919-7D7D4ED1E7A1}.Debug|x64.ActiveCfg = Debug|Any CPU
		{7C8969EB-CDC0-4740-A919-7D7D4ED1E7A1}.Debug|x64.Build.0 = Debug|Any CPU
		{7C8969EB-CDC0-4740-A919-7D7D4ED1E7A1}.Debug|x86.ActiveCfg = Debug|Any CPU
		{7C8969EB-CDC0-4740-A919-7D7D4ED1E7A1}.Debug|x86.Build.0 = Debug|Any CPU
		{7C8969EB-CDC0-4740-A919-7D7D4ED1E7A1}.Release|Any CPU.ActiveCfg = Release|Any CPU
		{7C8969EB-CDC0-4740-A919-7D7D4ED1E7A1}.Release|Any CPU.Build.0 = Release|Any CPU
		{7C8969EB-CDC0-4740-A919-7D7D4ED1E7A1}.Release|x64.ActiveCfg = Release|Any CPU
		{7C8969EB-CDC0-4740-A919-7D7D4ED1E7A1}.Release|x64.Build.0 = Release|Any CPU
		{7C8969EB-CDC0-4740-A919-7D7D4ED1E7A1}.Release|x86.ActiveCfg = Release|Any CPU
		{7C8969EB-CDC0-4740-A919-7D7D4ED1E7A1}.Release|x86.Build.0 = Release|Any CPU
		{887A0AF9-2D55-4FFC-A69C-FA7940A9FC22}.Debug|Any CPU.ActiveCfg = Debug|Win32
		{887A0AF9-2D55-4FFC-A69C-FA7940A9FC22}.Debug|x64.ActiveCfg = Debug|x64
		{887A0AF9-2D55-4FFC-A69C-FA7940A9FC22}.Debug|x64.Build.0 = Debug|x64
		{887A0AF9-2D55-4FFC-A69C-FA7940A9FC22}.Debug|x86.ActiveCfg = Debug|Win32
		{887A0AF9-2D55-4FFC-A69C-FA7940A9FC22}.Debug|x86.Build.0 = Debug|Win32
		{887A0AF9-2D55-4FFC-A69C-FA7940A9FC22}.Release|Any CPU.ActiveCfg = Release|Win32
		{887A0AF9-2D55-4FFC-A69C-FA7940A9FC22}.Release|x64.ActiveCfg = Release|x64
		{887A0AF9-2D55-4FFC-A69C-FA7940A9FC22}.Release|x64.Build.0 = Release|x64
		{887A0AF9-2D55-4FFC-A69C-FA7940A9FC22}.Release|x86.ActiveCfg = Release|Win32
		{887A0AF9-2D55-4FFC-A69C-FA7940A9FC22}.Release|x86.Build.0 = Release|Win32
		{4FA50AE4-AB2E-40EC-A64A-9846E7CA0B6B}.Debug|Any CPU.ActiveCfg = Debug|Win32
		{4FA50AE4-AB2E-40EC-A64A-9846E7CA0B6B}.Debug|x64.ActiveCfg = Debug|x64
		{4FA50AE4-AB2E-40EC-A64A-9846E7CA0B6B}.Debug|x64.Build.0 = Debug|x64
		{4FA50AE4-AB2E-40EC-A64A-9846E7CA0B6B}.Debug|x86.ActiveCfg = Debug|Win32
		{4FA50AE4-AB2E-40EC-A64A-9846E7CA0B6B}.Debug|x86.Build.0 = Debug|Win32
		{4FA50AE4-AB2E-40EC-A64A-9846E7CA0B6B}.Release|Any CPU.ActiveCfg = Release|Win32
		{4FA50AE4-AB2E-40EC-A64A-9846E7CA0B6B}.Release|x64.ActiveCfg = Release|x64
		{4FA50AE4-AB2E-40EC-A64A-9846E7CA0B6B}.Release|x64.Build.0 = Release|x64
		{4FA50AE4-AB2E-40EC-A64A-9846E7CA0B6B}.Release|x86.ActiveCfg = Release|Win32
		{4FA50AE4-AB2E-40EC-A64A-9846E7CA0B6B}.Release|x86.Build.0 = Release|Win32
		{06027545-20FF-49F2-85CB-04777D8DC165}.Debug|Any CPU.ActiveCfg = Debug|Win32
		{06027545-20FF-49F2-85CB-04777D8DC165}.Debug|x64.ActiveCfg = Debug|x64
		{06027545-20FF-49F2-85CB-04777D8DC165}.Debug|x64.Build.0 = Debug|x64
		{06027545-20FF-49F2-85CB-04777D8DC165}.Debug|x86.ActiveCfg = Debug|Win32
		{06027545-20FF-49F2-85CB-04777D8DC165}.Debug|x86.Build.0 = Debug|Win32
		{06027545-20FF-49F2-85CB-04777D8DC165}.Release|Any CPU.ActiveCfg = Release|Win32
		{06027545-20FF-49F2-85CB-04777D8DC165}.Release|x64.ActiveCfg = Release|x64
		{06027545-20FF-49F2-85CB-04777D8DC165}.Release|x64.Build.0 = Release|x64
		{06027545-20FF-49F2-85CB-04777D8DC165}.Release|x86.ActiveCfg = Release|Win32
		{06027545-20FF-49F2-85CB-04777D8DC165}.Release|x86.Build.0 = Release|Win32
	EndGlobalSection
	GlobalSection(SolutionProperties) = preSolution
		HideSolutionNode = FALSE
	EndGlobalSection
	GlobalSection(ExtensibilityGlobals) = postSolution
		SolutionGuid = {328E14C1-0717-4DCF-8AF3-6494E09CD907}
	EndGlobalSection
EndGlobal
